{
  "originHash" : "7cb8cf9ba852de50e3b72b56f08fe990a8086c02d231474b763f8afb0e4bb655",
  "pins" : [
    {
      "identity" : "licensable",
      "kind" : "remoteSourceControl",
      "location" : "https://github.com/inseven/licensable",
      "state" : {
        "revision" : "a8ad62c6fde5aca29a47459b0687e580eee203dd",
        "version" : "0.0.13"
      }
    },
    {
      "identity" : "swiftdraw",
      "kind" : "remoteSourceControl",
      "location" : "https://github.com/swhitty/SwiftDraw.git",
      "state" : {
        "revision" : "e28ad943a9194f3767a8481368b8cb366487215c",
        "version" : "0.16.2"
      }
    }
  ],
  "version" : 3
}
