{
  "originHash" : "842903b81a03f968d4276712e696073c0479ee1d1d4b0571803c32545179433f",
  "pins" : [
    {
      "identity" : "licensable",
      "kind" : "remoteSourceControl",
      "location" : "https://github.com/inseven/licensable",
      "state" : {
        "revision" : "a8ad62c6fde5aca29a47459b0687e580eee203dd",
        "version" : "0.0.13"
      }
    }
  ],
  "version" : 3
}
