// !$*UTF8*$!
{
	archiveVersion = 1;
	classes = {
	};
	objectVersion = 70;
	objects = {

/* Begin PBXBuildFile section */
		D820A0A62BC481EB00FDD432 /* BuildsCore in Frameworks */ = {isa = PBXBuildFile; productRef = D820A0A52BC481EB00FDD432 /* BuildsCore */; };
		D820A0A82BC481F300FDD432 /* BuildsCore in Frameworks */ = {isa = PBXBuildFile; productRef = D820A0A72BC481F300FDD432 /* BuildsCore */; };
		D826A57D2BA23228006D25FF /* SelectableCollectionView in Frameworks */ = {isa = PBXBuildFile; productRef = D826A57C2BA23228006D25FF /* SelectableCollectionView */; };
		D82E6E722BAB809300536E15 /* Scenes in Resources */ = {isa = PBXBuildFile; fileRef = D82E6E712BAB809200536E15 /* Scenes */; };
		D84D18742BC311D000C907B2 /* Interact in Frameworks */ = {isa = PBXBuildFile; productRef = D84D18732BC311D000C907B2 /* Interact */; };
		D85677F22BC1CFF6003D2DB6 /* WidgetKit.framework in Frameworks */ = {isa = PBXBuildFile; fileRef = D85677F12BC1CFF6003D2DB6 /* WidgetKit.framework */; };
		D85677F42BC1CFF6003D2DB6 /* SwiftUI.framework in Frameworks */ = {isa = PBXBuildFile; fileRef = D85677F32BC1CFF6003D2DB6 /* SwiftUI.framework */; };
		D85678022BC1CFF7003D2DB6 /* BuildsWidgetExtension.appex in Embed Foundation Extensions */ = {isa = PBXBuildFile; fileRef = D85677F02BC1CFF6003D2DB6 /* BuildsWidgetExtension.appex */; settings = {ATTRIBUTES = (RemoveHeadersOnCopy, ); }; };
		D883F1B52B97EC9E00B00F1C /* Localizable.xcstrings in Resources */ = {isa = PBXBuildFile; fileRef = D883F1B42B97EC9E00B00F1C /* Localizable.xcstrings */; };
		D887C5D62BA0B48000E46174 /* SwiftDraw in Frameworks */ = {isa = PBXBuildFile; productRef = D887C5D52BA0B48000E46174 /* SwiftDraw */; };
		D889F49C2BAE58EF004CFC50 /* PrivacyInfo.xcprivacy in Resources */ = {isa = PBXBuildFile; fileRef = D889F49B2BAE57BF004CFC50 /* PrivacyInfo.xcprivacy */; };
		D8A1223A2BD131C4002BDF42 /* WidgetKit.framework in Frameworks */ = {isa = PBXBuildFile; fileRef = D85677F12BC1CFF6003D2DB6 /* WidgetKit.framework */; };
		D8A1223B2BD131C4002BDF42 /* SwiftUI.framework in Frameworks */ = {isa = PBXBuildFile; fileRef = D85677F32BC1CFF6003D2DB6 /* SwiftUI.framework */; };
		D8A1224A2BD131C5002BDF42 /* BuildsPreviewHostWidgetExtension.appex in Embed Foundation Extensions */ = {isa = PBXBuildFile; fileRef = D8A122392BD131C4002BDF42 /* BuildsPreviewHostWidgetExtension.appex */; settings = {ATTRIBUTES = (RemoveHeadersOnCopy, ); }; };
		D8A122502BD131E0002BDF42 /* BuildsCore in Frameworks */ = {isa = PBXBuildFile; productRef = D8A1224F2BD131E0002BDF42 /* BuildsCore */; };
		D8DDD5F12B65F910003FAB23 /* Interact in Frameworks */ = {isa = PBXBuildFile; productRef = D8DDD5F02B65F910003FAB23 /* Interact */; };
		D8DDD5F42B65FB11003FAB23 /* Diligence in Frameworks */ = {isa = PBXBuildFile; productRef = D8DDD5F32B65FB11003FAB23 /* Diligence */; };
		D8E8A9182BD12D5500E2F282 /* BuildsCore in Frameworks */ = {isa = PBXBuildFile; productRef = D8E8A9172BD12D5500E2F282 /* BuildsCore */; };
		D8FEAE0C27F591AE00FDADFA /* BuildsApp.swift in Sources */ = {isa = PBXBuildFile; fileRef = D8FEAE0B27F591AE00FDADFA /* BuildsApp.swift */; };
		D8FEAE1027F591B200FDADFA /* Assets.xcassets in Resources */ = {isa = PBXBuildFile; fileRef = D8FEAE0F27F591B200FDADFA /* Assets.xcassets */; };
/* End PBXBuildFile section */

/* Begin PBXContainerItemProxy section */
		D85678002BC1CFF7003D2DB6 /* PBXContainerItemProxy */ = {
			isa = PBXContainerItemProxy;
			containerPortal = D8FEAE0027F591AE00FDADFA /* Project object */;
			proxyType = 1;
			remoteGlobalIDString = D85677EF2BC1CFF6003D2DB6;
			remoteInfo = BuildsWidgetExtension;
		};
		D8A122482BD131C5002BDF42 /* PBXContainerItemProxy */ = {
			isa = PBXContainerItemProxy;
			containerPortal = D8FEAE0027F591AE00FDADFA /* Project object */;
			proxyType = 1;
			remoteGlobalIDString = D8A122382BD131C4002BDF42;
			remoteInfo = BuildsWidgetPreviewHostExtension;
		};
		D8FEAE1927F591B200FDADFA /* PBXContainerItemProxy */ = {
			isa = PBXContainerItemProxy;
			containerPortal = D8FEAE0027F591AE00FDADFA /* Project object */;
			proxyType = 1;
			remoteGlobalIDString = D8FEAE0727F591AE00FDADFA;
			remoteInfo = Status;
		};
		D8FEAE2327F591B200FDADFA /* PBXContainerItemProxy */ = {
			isa = PBXContainerItemProxy;
			containerPortal = D8FEAE0027F591AE00FDADFA /* Project object */;
			proxyType = 1;
			remoteGlobalIDString = D8FEAE0727F591AE00FDADFA;
			remoteInfo = Status;
		};
/* End PBXContainerItemProxy section */

/* Begin PBXCopyFilesBuildPhase section */
		D85678032BC1CFF7003D2DB6 /* Embed Foundation Extensions */ = {
			isa = PBXCopyFilesBuildPhase;
			buildActionMask = 2147483647;
			dstPath = "";
			dstSubfolderSpec = 13;
			files = (
				D85678022BC1CFF7003D2DB6 /* BuildsWidgetExtension.appex in Embed Foundation Extensions */,
			);
			name = "Embed Foundation Extensions";
			runOnlyForDeploymentPostprocessing = 0;
		};
		D8A1224B2BD131C5002BDF42 /* Embed Foundation Extensions */ = {
			isa = PBXCopyFilesBuildPhase;
			buildActionMask = 2147483647;
			dstPath = "";
			dstSubfolderSpec = 13;
			files = (
				D8A1224A2BD131C5002BDF42 /* BuildsPreviewHostWidgetExtension.appex in Embed Foundation Extensions */,
			);
			name = "Embed Foundation Extensions";
			runOnlyForDeploymentPostprocessing = 0;
		};
/* End PBXCopyFilesBuildPhase section */

/* Begin PBXFileReference section */
		D8092EFF2B698E9F00FD21C8 /* Builds.entitlements */ = {isa = PBXFileReference; lastKnownFileType = text.plist.entitlements; path = Builds.entitlements; sourceTree = "<group>"; };
		D820A0A42BC480B000FDD432 /* BuildsCore */ = {isa = PBXFileReference; lastKnownFileType = wrapper; path = BuildsCore; sourceTree = "<group>"; };
		D82E6E712BAB809200536E15 /* Scenes */ = {isa = PBXFileReference; lastKnownFileType = folder; name = Scenes; path = "builds-resources/Scenes"; sourceTree = SOURCE_ROOT; };
		D85677F02BC1CFF6003D2DB6 /* BuildsWidgetExtension.appex */ = {isa = PBXFileReference; explicitFileType = "wrapper.app-extension"; includeInIndex = 0; path = BuildsWidgetExtension.appex; sourceTree = BUILT_PRODUCTS_DIR; };
		D85677F12BC1CFF6003D2DB6 /* WidgetKit.framework */ = {isa = PBXFileReference; lastKnownFileType = wrapper.framework; name = WidgetKit.framework; path = /System/Library/Frameworks/WidgetKit.framework; sourceTree = "<absolute>"; };
		D85677F32BC1CFF6003D2DB6 /* SwiftUI.framework */ = {isa = PBXFileReference; lastKnownFileType = wrapper.framework; name = SwiftUI.framework; path = /System/Library/Frameworks/SwiftUI.framework; sourceTree = "<absolute>"; };
		D883F1B42B97EC9E00B00F1C /* Localizable.xcstrings */ = {isa = PBXFileReference; lastKnownFileType = text.json.xcstrings; path = Localizable.xcstrings; sourceTree = "<group>"; };
		D889F49B2BAE57BF004CFC50 /* PrivacyInfo.xcprivacy */ = {isa = PBXFileReference; lastKnownFileType = text.xml; path = PrivacyInfo.xcprivacy; sourceTree = "<group>"; };
		D89E58172B65D2AA0027EB4E /* Info.plist */ = {isa = PBXFileReference; lastKnownFileType = text.plist; path = Info.plist; sourceTree = "<group>"; };
		D8A122392BD131C4002BDF42 /* BuildsPreviewHostWidgetExtension.appex */ = {isa = PBXFileReference; explicitFileType = "wrapper.app-extension"; includeInIndex = 0; path = BuildsPreviewHostWidgetExtension.appex; sourceTree = BUILT_PRODUCTS_DIR; };
		D8E8A9092BD12D2B00E2F282 /* BuildsPreviewHost.app */ = {isa = PBXFileReference; explicitFileType = wrapper.application; includeInIndex = 0; path = BuildsPreviewHost.app; sourceTree = BUILT_PRODUCTS_DIR; };
		D8FEAE0827F591AE00FDADFA /* Builds.app */ = {isa = PBXFileReference; explicitFileType = wrapper.application; includeInIndex = 0; path = Builds.app; sourceTree = BUILT_PRODUCTS_DIR; };
		D8FEAE0B27F591AE00FDADFA /* BuildsApp.swift */ = {isa = PBXFileReference; lastKnownFileType = sourcecode.swift; path = BuildsApp.swift; sourceTree = "<group>"; };
		D8FEAE0F27F591B200FDADFA /* Assets.xcassets */ = {isa = PBXFileReference; lastKnownFileType = folder.assetcatalog; path = Assets.xcassets; sourceTree = "<group>"; };
		D8FEAE1827F591B200FDADFA /* BuildsTests.xctest */ = {isa = PBXFileReference; explicitFileType = wrapper.cfbundle; includeInIndex = 0; path = BuildsTests.xctest; sourceTree = BUILT_PRODUCTS_DIR; };
		D8FEAE2227F591B200FDADFA /* BuildsUITests.xctest */ = {isa = PBXFileReference; explicitFileType = wrapper.cfbundle; includeInIndex = 0; path = BuildsUITests.xctest; sourceTree = BUILT_PRODUCTS_DIR; };
/* End PBXFileReference section */

/* Begin PBXFileSystemSynchronizedBuildFileExceptionSet section */
		D88FCD682E8B344E002585F1 /* PBXFileSystemSynchronizedBuildFileExceptionSet */ = {
			isa = PBXFileSystemSynchronizedBuildFileExceptionSet;
			membershipExceptions = (
				Rotates.swift,
			);
			target = D85677EF2BC1CFF6003D2DB6 /* BuildsWidgetExtension */;
		};
		D88FCDDB2E8B34D1002585F1 /* PBXFileSystemSynchronizedBuildFileExceptionSet */ = {
			isa = PBXFileSystemSynchronizedBuildFileExceptionSet;
			membershipExceptions = (
				Info.plist,
			);
			target = D85677EF2BC1CFF6003D2DB6 /* BuildsWidgetExtension */;
		};
		D88FCDF12E8B34D6002585F1 /* PBXFileSystemSynchronizedBuildFileExceptionSet */ = {
			isa = PBXFileSystemSynchronizedBuildFileExceptionSet;
			membershipExceptions = (
				Info.plist,
			);
			target = D8A122382BD131C4002BDF42 /* BuildsPreviewHostWidgetExtension */;
		};
/* End PBXFileSystemSynchronizedBuildFileExceptionSet section */

/* Begin PBXFileSystemSynchronizedRootGroup section */
		D88FCD232E8B343E002585F1 /* Commands */ = {isa = PBXFileSystemSynchronizedRootGroup; explicitFileTypes = {}; explicitFolders = (); path = Commands; sourceTree = "<group>"; };
		D88FCD2A2E8B3442002585F1 /* Environment */ = {isa = PBXFileSystemSynchronizedRootGroup; explicitFileTypes = {}; explicitFolders = (); path = Environment; sourceTree = "<group>"; };
		D88FCD322E8B3444002585F1 /* Extensions */ = {isa = PBXFileSystemSynchronizedRootGroup; explicitFileTypes = {}; explicitFolders = (); path = Extensions; sourceTree = "<group>"; };
		D88FCD3B2E8B3447002585F1 /* Licenses */ = {isa = PBXFileSystemSynchronizedRootGroup; explicitFileTypes = {}; explicitFolders = (); path = Licenses; sourceTree = "<group>"; };
		D88FCD4C2E8B344B002585F1 /* Models */ = {isa = PBXFileSystemSynchronizedRootGroup; explicitFileTypes = {}; explicitFolders = (); path = Models; sourceTree = "<group>"; };
		D88FCD602E8B344E002585F1 /* Modifiers */ = {isa = PBXFileSystemSynchronizedRootGroup; exceptions = (D88FCD682E8B344E002585F1 /* PBXFileSystemSynchronizedBuildFileExceptionSet */, ); explicitFileTypes = {}; explicitFolders = (); path = Modifiers; sourceTree = "<group>"; };
		D88FCD6A2E8B3453002585F1 /* Preview Content */ = {isa = PBXFileSystemSynchronizedRootGroup; explicitFileTypes = {}; explicitFolders = (); path = "Preview Content"; sourceTree = "<group>"; };
		D88FCD6D2E8B3455002585F1 /* Resources */ = {isa = PBXFileSystemSynchronizedRootGroup; explicitFileTypes = {}; explicitFolders = (); path = Resources; sourceTree = "<group>"; };
		D88FCD732E8B3458002585F1 /* Scenes */ = {isa = PBXFileSystemSynchronizedRootGroup; explicitFileTypes = {}; explicitFolders = (); path = Scenes; sourceTree = "<group>"; };
		D88FCD792E8B345A002585F1 /* Styles */ = {isa = PBXFileSystemSynchronizedRootGroup; explicitFileTypes = {}; explicitFolders = (); path = Styles; sourceTree = "<group>"; };
		D88FCD7C2E8B345C002585F1 /* View Controller */ = {isa = PBXFileSystemSynchronizedRootGroup; explicitFileTypes = {}; explicitFolders = (); path = "View Controller"; sourceTree = "<group>"; };
		D88FCD972E8B3499002585F1 /* Views */ = {isa = PBXFileSystemSynchronizedRootGroup; explicitFileTypes = {}; explicitFolders = (); path = Views; sourceTree = "<group>"; };
		D88FCDB22E8B349C002585F1 /* Windows */ = {isa = PBXFileSystemSynchronizedRootGroup; explicitFileTypes = {}; explicitFolders = (); path = Windows; sourceTree = "<group>"; };
		D88FCDB52E8B34CC002585F1 /* BuildsTests */ = {isa = PBXFileSystemSynchronizedRootGroup; explicitFileTypes = {}; explicitFolders = (); path = BuildsTests; sourceTree = "<group>"; };
		D88FCDB92E8B34CE002585F1 /* BuildsUITests */ = {isa = PBXFileSystemSynchronizedRootGroup; explicitFileTypes = {}; explicitFolders = (); path = BuildsUITests; sourceTree = "<group>"; };
		D88FCDCD2E8B34D1002585F1 /* BuildsWidget */ = {isa = PBXFileSystemSynchronizedRootGroup; exceptions = (D88FCDDB2E8B34D1002585F1 /* PBXFileSystemSynchronizedBuildFileExceptionSet */, ); explicitFileTypes = {}; explicitFolders = (); path = BuildsWidget; sourceTree = "<group>"; };
		D88FCDE12E8B34D3002585F1 /* BuildsPreviewHost */ = {isa = PBXFileSystemSynchronizedRootGroup; explicitFileTypes = {}; explicitFolders = (); path = BuildsPreviewHost; sourceTree = "<group>"; };
		D88FCDEB2E8B34D6002585F1 /* BuildsPreviewHostWidget */ = {isa = PBXFileSystemSynchronizedRootGroup; exceptions = (D88FCDF12E8B34D6002585F1 /* PBXFileSystemSynchronizedBuildFileExceptionSet */, ); explicitFileTypes = {}; explicitFolders = (); path = BuildsPreviewHostWidget; sourceTree = "<group>"; };
/* End PBXFileSystemSynchronizedRootGroup section */

/* Begin PBXFrameworksBuildPhase section */
		D85677ED2BC1CFF6003D2DB6 /* Frameworks */ = {
			isa = PBXFrameworksBuildPhase;
			buildActionMask = 2147483647;
			files = (
				D85677F42BC1CFF6003D2DB6 /* SwiftUI.framework in Frameworks */,
				D85677F22BC1CFF6003D2DB6 /* WidgetKit.framework in Frameworks */,
				D820A0A62BC481EB00FDD432 /* BuildsCore in Frameworks */,
				D84D18742BC311D000C907B2 /* Interact in Frameworks */,
			);
			runOnlyForDeploymentPostprocessing = 0;
		};
		D8A122362BD131C4002BDF42 /* Frameworks */ = {
			isa = PBXFrameworksBuildPhase;
			buildActionMask = 2147483647;
			files = (
				D8A1223B2BD131C4002BDF42 /* SwiftUI.framework in Frameworks */,
				D8A1223A2BD131C4002BDF42 /* WidgetKit.framework in Frameworks */,
				D8A122502BD131E0002BDF42 /* BuildsCore in Frameworks */,
			);
			runOnlyForDeploymentPostprocessing = 0;
		};
		D8E8A9062BD12D2B00E2F282 /* Frameworks */ = {
			isa = PBXFrameworksBuildPhase;
			buildActionMask = 2147483647;
			files = (
				D8E8A9182BD12D5500E2F282 /* BuildsCore in Frameworks */,
			);
			runOnlyForDeploymentPostprocessing = 0;
		};
		D8FEAE0527F591AE00FDADFA /* Frameworks */ = {
			isa = PBXFrameworksBuildPhase;
			buildActionMask = 2147483647;
			files = (
				D820A0A82BC481F300FDD432 /* BuildsCore in Frameworks */,
				D887C5D62BA0B48000E46174 /* SwiftDraw in Frameworks */,
				D8DDD5F12B65F910003FAB23 /* Interact in Frameworks */,
				D8DDD5F42B65FB11003FAB23 /* Diligence in Frameworks */,
				D826A57D2BA23228006D25FF /* SelectableCollectionView in Frameworks */,
			);
			runOnlyForDeploymentPostprocessing = 0;
		};
		D8FEAE1527F591B200FDADFA /* Frameworks */ = {
			isa = PBXFrameworksBuildPhase;
			buildActionMask = 2147483647;
			files = (
			);
			runOnlyForDeploymentPostprocessing = 0;
		};
		D8FEAE1F27F591B200FDADFA /* Frameworks */ = {
			isa = PBXFrameworksBuildPhase;
			buildActionMask = 2147483647;
			files = (
			);
			runOnlyForDeploymentPostprocessing = 0;
		};
/* End PBXFrameworksBuildPhase section */

/* Begin PBXGroup section */
		D887C5D12BA0B3E600E46174 /* Frameworks */ = {
			isa = PBXGroup;
			children = (
				D85677F12BC1CFF6003D2DB6 /* WidgetKit.framework */,
				D85677F32BC1CFF6003D2DB6 /* SwiftUI.framework */,
			);
			name = Frameworks;
			sourceTree = "<group>";
		};
		D8FEADFF27F591AE00FDADFA = {
			isa = PBXGroup;
			children = (
				D820A0A42BC480B000FDD432 /* BuildsCore */,
				D8FEAE0A27F591AE00FDADFA /* Builds */,
				D88FCDB52E8B34CC002585F1 /* BuildsTests */,
				D88FCDB92E8B34CE002585F1 /* BuildsUITests */,
				D88FCDCD2E8B34D1002585F1 /* BuildsWidget */,
				D88FCDE12E8B34D3002585F1 /* BuildsPreviewHost */,
				D88FCDEB2E8B34D6002585F1 /* BuildsPreviewHostWidget */,
				D8FEAE0927F591AE00FDADFA /* Products */,
				D887C5D12BA0B3E600E46174 /* Frameworks */,
			);
			sourceTree = "<group>";
		};
		D8FEAE0927F591AE00FDADFA /* Products */ = {
			isa = PBXGroup;
			children = (
				D8FEAE0827F591AE00FDADFA /* Builds.app */,
				D8FEAE1827F591B200FDADFA /* BuildsTests.xctest */,
				D8FEAE2227F591B200FDADFA /* BuildsUITests.xctest */,
				D85677F02BC1CFF6003D2DB6 /* BuildsWidgetExtension.appex */,
				D8E8A9092BD12D2B00E2F282 /* BuildsPreviewHost.app */,
				D8A122392BD131C4002BDF42 /* BuildsPreviewHostWidgetExtension.appex */,
			);
			name = Products;
			sourceTree = "<group>";
		};
		D8FEAE0A27F591AE00FDADFA /* Builds */ = {
			isa = PBXGroup;
			children = (
				D82E6E712BAB809200536E15 /* Scenes */,
				D8092EFF2B698E9F00FD21C8 /* Builds.entitlements */,
				D89E58172B65D2AA0027EB4E /* Info.plist */,
				D8FEAE0B27F591AE00FDADFA /* BuildsApp.swift */,
				D8FEAE0F27F591B200FDADFA /* Assets.xcassets */,
				D889F49B2BAE57BF004CFC50 /* PrivacyInfo.xcprivacy */,
				D883F1B42B97EC9E00B00F1C /* Localizable.xcstrings */,
				D88FCD232E8B343E002585F1 /* Commands */,
				D88FCD2A2E8B3442002585F1 /* Environment */,
				D88FCD322E8B3444002585F1 /* Extensions */,
				D88FCD3B2E8B3447002585F1 /* Licenses */,
				D88FCD4C2E8B344B002585F1 /* Models */,
				D88FCD602E8B344E002585F1 /* Modifiers */,
				D88FCD6A2E8B3453002585F1 /* Preview Content */,
				D88FCD6D2E8B3455002585F1 /* Resources */,
				D88FCD732E8B3458002585F1 /* Scenes */,
				D88FCD792E8B345A002585F1 /* Styles */,
				D88FCD7C2E8B345C002585F1 /* View Controller */,
				D88FCD972E8B3499002585F1 /* Views */,
				D88FCDB22E8B349C002585F1 /* Windows */,
			);
			path = Builds;
			sourceTree = "<group>";
		};
/* End PBXGroup section */

/* Begin PBXNativeTarget section */
		D85677EF2BC1CFF6003D2DB6 /* BuildsWidgetExtension */ = {
			isa = PBXNativeTarget;
			buildConfigurationList = D85678062BC1CFF7003D2DB6 /* Build configuration list for PBXNativeTarget "BuildsWidgetExtension" */;
			buildPhases = (
				D85677EC2BC1CFF6003D2DB6 /* Sources */,
				D85677ED2BC1CFF6003D2DB6 /* Frameworks */,
				D85677EE2BC1CFF6003D2DB6 /* Resources */,
			);
			buildRules = (
			);
			dependencies = (
			);
			fileSystemSynchronizedGroups = (
				D88FCDCD2E8B34D1002585F1 /* BuildsWidget */,
			);
			name = BuildsWidgetExtension;
			packageProductDependencies = (
				D84D18732BC311D000C907B2 /* Interact */,
				D820A0A52BC481EB00FDD432 /* BuildsCore */,
			);
			productName = BuildsWidgetExtension;
			productReference = D85677F02BC1CFF6003D2DB6 /* BuildsWidgetExtension.appex */;
			productType = "com.apple.product-type.app-extension";
		};
		D8A122382BD131C4002BDF42 /* BuildsPreviewHostWidgetExtension */ = {
			isa = PBXNativeTarget;
			buildConfigurationList = D8A1224E2BD131C5002BDF42 /* Build configuration list for PBXNativeTarget "BuildsPreviewHostWidgetExtension" */;
			buildPhases = (
				D8A122352BD131C4002BDF42 /* Sources */,
				D8A122362BD131C4002BDF42 /* Frameworks */,
				D8A122372BD131C4002BDF42 /* Resources */,
			);
			buildRules = (
			);
			dependencies = (
			);
			fileSystemSynchronizedGroups = (
				D88FCDEB2E8B34D6002585F1 /* BuildsPreviewHostWidget */,
			);
			name = BuildsPreviewHostWidgetExtension;
			packageProductDependencies = (
				D8A1224F2BD131E0002BDF42 /* BuildsCore */,
			);
			productName = BuildsWidgetPreviewHostExtension;
			productReference = D8A122392BD131C4002BDF42 /* BuildsPreviewHostWidgetExtension.appex */;
			productType = "com.apple.product-type.app-extension";
		};
		D8E8A9082BD12D2B00E2F282 /* BuildsPreviewHost */ = {
			isa = PBXNativeTarget;
			buildConfigurationList = D8E8A9162BD12D2B00E2F282 /* Build configuration list for PBXNativeTarget "BuildsPreviewHost" */;
			buildPhases = (
				D8E8A9052BD12D2B00E2F282 /* Sources */,
				D8E8A9062BD12D2B00E2F282 /* Frameworks */,
				D8E8A9072BD12D2B00E2F282 /* Resources */,
				D8A1224B2BD131C5002BDF42 /* Embed Foundation Extensions */,
			);
			buildRules = (
			);
			dependencies = (
				D8A122492BD131C5002BDF42 /* PBXTargetDependency */,
			);
			fileSystemSynchronizedGroups = (
				D88FCDE12E8B34D3002585F1 /* BuildsPreviewHost */,
			);
			name = BuildsPreviewHost;
			packageProductDependencies = (
				D8E8A9172BD12D5500E2F282 /* BuildsCore */,
			);
			productName = BuildsWidgetHost;
			productReference = D8E8A9092BD12D2B00E2F282 /* BuildsPreviewHost.app */;
			productType = "com.apple.product-type.application";
		};
		D8FEAE0727F591AE00FDADFA /* Builds */ = {
			isa = PBXNativeTarget;
			buildConfigurationList = D8FEAE2C27F591B200FDADFA /* Build configuration list for PBXNativeTarget "Builds" */;
			buildPhases = (
				D8FEAE0427F591AE00FDADFA /* Sources */,
				D8FEAE0527F591AE00FDADFA /* Frameworks */,
				D8FEAE0627F591AE00FDADFA /* Resources */,
				D85678032BC1CFF7003D2DB6 /* Embed Foundation Extensions */,
			);
			buildRules = (
			);
			dependencies = (
				D85678012BC1CFF7003D2DB6 /* PBXTargetDependency */,
			);
			fileSystemSynchronizedGroups = (
				D88FCD232E8B343E002585F1 /* Commands */,
				D88FCD2A2E8B3442002585F1 /* Environment */,
				D88FCD322E8B3444002585F1 /* Extensions */,
				D88FCD3B2E8B3447002585F1 /* Licenses */,
				D88FCD4C2E8B344B002585F1 /* Models */,
				D88FCD602E8B344E002585F1 /* Modifiers */,
				D88FCD6A2E8B3453002585F1 /* Preview Content */,
				D88FCD6D2E8B3455002585F1 /* Resources */,
				D88FCD732E8B3458002585F1 /* Scenes */,
				D88FCD792E8B345A002585F1 /* Styles */,
				D88FCD7C2E8B345C002585F1 /* View Controller */,
				D88FCD972E8B3499002585F1 /* Views */,
				D88FCDB22E8B349C002585F1 /* Windows */,
			);
			name = Builds;
			packageProductDependencies = (
				D8DDD5F02B65F910003FAB23 /* Interact */,
				D8DDD5F32B65FB11003FAB23 /* Diligence */,
				D887C5D52BA0B48000E46174 /* SwiftDraw */,
				D826A57C2BA23228006D25FF /* SelectableCollectionView */,
				D820A0A72BC481F300FDD432 /* BuildsCore */,
			);
			productName = Status;
			productReference = D8FEAE0827F591AE00FDADFA /* Builds.app */;
			productType = "com.apple.product-type.application";
		};
		D8FEAE1727F591B200FDADFA /* BuildsTests */ = {
			isa = PBXNativeTarget;
			buildConfigurationList = D8FEAE2F27F591B200FDADFA /* Build configuration list for PBXNativeTarget "BuildsTests" */;
			buildPhases = (
				D8FEAE1427F591B200FDADFA /* Sources */,
				D8FEAE1527F591B200FDADFA /* Frameworks */,
				D8FEAE1627F591B200FDADFA /* Resources */,
			);
			buildRules = (
			);
			dependencies = (
				D8FEAE1A27F591B200FDADFA /* PBXTargetDependency */,
			);
			fileSystemSynchronizedGroups = (
				D88FCDB52E8B34CC002585F1 /* BuildsTests */,
			);
			name = BuildsTests;
			productName = StatusTests;
			productReference = D8FEAE1827F591B200FDADFA /* BuildsTests.xctest */;
			productType = "com.apple.product-type.bundle.unit-test";
		};
		D8FEAE2127F591B200FDADFA /* BuildsUITests */ = {
			isa = PBXNativeTarget;
			buildConfigurationList = D8FEAE3227F591B200FDADFA /* Build configuration list for PBXNativeTarget "BuildsUITests" */;
			buildPhases = (
				D8FEAE1E27F591B200FDADFA /* Sources */,
				D8FEAE1F27F591B200FDADFA /* Frameworks */,
				D8FEAE2027F591B200FDADFA /* Resources */,
			);
			buildRules = (
			);
			dependencies = (
				D8FEAE2427F591B200FDADFA /* PBXTargetDependency */,
			);
			fileSystemSynchronizedGroups = (
				D88FCDB92E8B34CE002585F1 /* BuildsUITests */,
			);
			name = BuildsUITests;
			productName = StatusUITests;
			productReference = D8FEAE2227F591B200FDADFA /* BuildsUITests.xctest */;
			productType = "com.apple.product-type.bundle.ui-testing";
		};
/* End PBXNativeTarget section */

/* Begin PBXProject section */
		D8FEAE0027F591AE00FDADFA /* Project object */ = {
			isa = PBXProject;
			attributes = {
				BuildIndependentTargetsInParallel = 1;
				LastSwiftUpdateCheck = 1530;
				LastUpgradeCheck = 1530;
				TargetAttributes = {
					D85677EF2BC1CFF6003D2DB6 = {
						CreatedOnToolsVersion = 15.3;
					};
					D8A122382BD131C4002BDF42 = {
						CreatedOnToolsVersion = 15.3;
					};
					D8E8A9082BD12D2B00E2F282 = {
						CreatedOnToolsVersion = 15.3;
					};
					D8FEAE0727F591AE00FDADFA = {
						CreatedOnToolsVersion = 13.3;
					};
					D8FEAE1727F591B200FDADFA = {
						CreatedOnToolsVersion = 13.3;
						TestTargetID = D8FEAE0727F591AE00FDADFA;
					};
					D8FEAE2127F591B200FDADFA = {
						CreatedOnToolsVersion = 13.3;
						TestTargetID = D8FEAE0727F591AE00FDADFA;
					};
				};
			};
			buildConfigurationList = D8FEAE0327F591AE00FDADFA /* Build configuration list for PBXProject "Builds" */;
			compatibilityVersion = "Xcode 13.0";
			developmentRegion = en;
			hasScannedForEncodings = 0;
			knownRegions = (
				en,
				Base,
			);
			mainGroup = D8FEADFF27F591AE00FDADFA;
			packageReferences = (
				D8DDD5EF2B65F910003FAB23 /* XCLocalSwiftPackageReference "interact" */,
				D8DDD5F22B65FB11003FAB23 /* XCLocalSwiftPackageReference "diligence" */,
				D887C5D42BA0B46D00E46174 /* XCRemoteSwiftPackageReference "SwiftDraw" */,
				D826A57B2BA23228006D25FF /* XCLocalSwiftPackageReference "SelectableCollectionView" */,
			);
			productRefGroup = D8FEAE0927F591AE00FDADFA /* Products */;
			projectDirPath = "";
			projectRoot = "";
			targets = (
				D8FEAE0727F591AE00FDADFA /* Builds */,
				D8FEAE1727F591B200FDADFA /* BuildsTests */,
				D8FEAE2127F591B200FDADFA /* BuildsUITests */,
				D85677EF2BC1CFF6003D2DB6 /* BuildsWidgetExtension */,
				D8E8A9082BD12D2B00E2F282 /* BuildsPreviewHost */,
				D8A122382BD131C4002BDF42 /* BuildsPreviewHostWidgetExtension */,
			);
		};
/* End PBXProject section */

/* Begin PBXResourcesBuildPhase section */
		D85677EE2BC1CFF6003D2DB6 /* Resources */ = {
			isa = PBXResourcesBuildPhase;
			buildActionMask = 2147483647;
			files = (
			);
			runOnlyForDeploymentPostprocessing = 0;
		};
		D8A122372BD131C4002BDF42 /* Resources */ = {
			isa = PBXResourcesBuildPhase;
			buildActionMask = 2147483647;
			files = (
			);
			runOnlyForDeploymentPostprocessing = 0;
		};
		D8E8A9072BD12D2B00E2F282 /* Resources */ = {
			isa = PBXResourcesBuildPhase;
			buildActionMask = 2147483647;
			files = (
			);
			runOnlyForDeploymentPostprocessing = 0;
		};
		D8FEAE0627F591AE00FDADFA /* Resources */ = {
			isa = PBXResourcesBuildPhase;
			buildActionMask = 2147483647;
			files = (
				D883F1B52B97EC9E00B00F1C /* Localizable.xcstrings in Resources */,
				D82E6E722BAB809300536E15 /* Scenes in Resources */,
				D8FEAE1027F591B200FDADFA /* Assets.xcassets in Resources */,
				D889F49C2BAE58EF004CFC50 /* PrivacyInfo.xcprivacy in Resources */,
			);
			runOnlyForDeploymentPostprocessing = 0;
		};
		D8FEAE1627F591B200FDADFA /* Resources */ = {
			isa = PBXResourcesBuildPhase;
			buildActionMask = 2147483647;
			files = (
			);
			runOnlyForDeploymentPostprocessing = 0;
		};
		D8FEAE2027F591B200FDADFA /* Resources */ = {
			isa = PBXResourcesBuildPhase;
			buildActionMask = 2147483647;
			files = (
			);
			runOnlyForDeploymentPostprocessing = 0;
		};
/* End PBXResourcesBuildPhase section */

/* Begin PBXSourcesBuildPhase section */
		D85677EC2BC1CFF6003D2DB6 /* Sources */ = {
			isa = PBXSourcesBuildPhase;
			buildActionMask = 2147483647;
			files = (
			);
			runOnlyForDeploymentPostprocessing = 0;
		};
		D8A122352BD131C4002BDF42 /* Sources */ = {
			isa = PBXSourcesBuildPhase;
			buildActionMask = 2147483647;
			files = (
			);
			runOnlyForDeploymentPostprocessing = 0;
		};
		D8E8A9052BD12D2B00E2F282 /* Sources */ = {
			isa = PBXSourcesBuildPhase;
			buildActionMask = 2147483647;
			files = (
			);
			runOnlyForDeploymentPostprocessing = 0;
		};
		D8FEAE0427F591AE00FDADFA /* Sources */ = {
			isa = PBXSourcesBuildPhase;
			buildActionMask = 2147483647;
			files = (
				D8FEAE0C27F591AE00FDADFA /* BuildsApp.swift in Sources */,
			);
			runOnlyForDeploymentPostprocessing = 0;
		};
		D8FEAE1427F591B200FDADFA /* Sources */ = {
			isa = PBXSourcesBuildPhase;
			buildActionMask = 2147483647;
			files = (
			);
			runOnlyForDeploymentPostprocessing = 0;
		};
		D8FEAE1E27F591B200FDADFA /* Sources */ = {
			isa = PBXSourcesBuildPhase;
			buildActionMask = 2147483647;
			files = (
			);
			runOnlyForDeploymentPostprocessing = 0;
		};
/* End PBXSourcesBuildPhase section */

/* Begin PBXTargetDependency section */
		D85678012BC1CFF7003D2DB6 /* PBXTargetDependency */ = {
			isa = PBXTargetDependency;
			target = D85677EF2BC1CFF6003D2DB6 /* BuildsWidgetExtension */;
			targetProxy = D85678002BC1CFF7003D2DB6 /* PBXContainerItemProxy */;
		};
		D8A122492BD131C5002BDF42 /* PBXTargetDependency */ = {
			isa = PBXTargetDependency;
			target = D8A122382BD131C4002BDF42 /* BuildsPreviewHostWidgetExtension */;
			targetProxy = D8A122482BD131C5002BDF42 /* PBXContainerItemProxy */;
		};
		D8FEAE1A27F591B200FDADFA /* PBXTargetDependency */ = {
			isa = PBXTargetDependency;
			target = D8FEAE0727F591AE00FDADFA /* Builds */;
			targetProxy = D8FEAE1927F591B200FDADFA /* PBXContainerItemProxy */;
		};
		D8FEAE2427F591B200FDADFA /* PBXTargetDependency */ = {
			isa = PBXTargetDependency;
			target = D8FEAE0727F591AE00FDADFA /* Builds */;
			targetProxy = D8FEAE2327F591B200FDADFA /* PBXContainerItemProxy */;
		};
/* End PBXTargetDependency section */

/* Begin XCBuildConfiguration section */
		D85678042BC1CFF7003D2DB6 /* Debug */ = {
			isa = XCBuildConfiguration;
			buildSettings = {
				ASSETCATALOG_COMPILER_GLOBAL_ACCENT_COLOR_NAME = AccentColor;
				ASSETCATALOG_COMPILER_WIDGET_BACKGROUND_COLOR_NAME = WidgetBackground;
				CLANG_CXX_LANGUAGE_STANDARD = "gnu++20";
				CODE_SIGN_ENTITLEMENTS = BuildsWidget/BuildsWidget.entitlements;
				CODE_SIGN_IDENTITY = "Apple Development";
				CODE_SIGN_STYLE = Automatic;
				CURRENT_PROJECT_VERSION = 1;
				DEAD_CODE_STRIPPING = YES;
				DEVELOPMENT_TEAM = QS82QFHKWB;
				ENABLE_HARDENED_RUNTIME = YES;
				GCC_C_LANGUAGE_STANDARD = gnu17;
				GENERATE_INFOPLIST_FILE = YES;
				INFOPLIST_FILE = BuildsWidget/Info.plist;
				INFOPLIST_KEY_CFBundleDisplayName = BuildsWidget;
				INFOPLIST_KEY_NSHumanReadableCopyright = "";
				LD_RUNPATH_SEARCH_PATHS = (
					"$(inherited)",
					"@executable_path/Frameworks",
					"@executable_path/../../Frameworks",
				);
				"LD_RUNPATH_SEARCH_PATHS[sdk=macosx*]" = (
					"$(inherited)",
					"@executable_path/../Frameworks",
					"@executable_path/../../../../Frameworks",
				);
				LOCALIZATION_PREFERS_STRING_CATALOGS = YES;
				MARKETING_VERSION = 1.0;
				PRODUCT_BUNDLE_IDENTIFIER = uk.co.jbmorley.builds.apps.appstore.widget;
				PRODUCT_NAME = "$(TARGET_NAME)";
				SDKROOT = auto;
				SKIP_INSTALL = YES;
				SUPPORTED_PLATFORMS = "iphoneos iphonesimulator macosx";
				SWIFT_ACTIVE_COMPILATION_CONDITIONS = "DEBUG $(inherited)";
				SWIFT_EMIT_LOC_STRINGS = YES;
				SWIFT_VERSION = 5.0;
				TARGETED_DEVICE_FAMILY = "1,2";
			};
			name = Debug;
		};
		D85678052BC1CFF7003D2DB6 /* Release */ = {
			isa = XCBuildConfiguration;
			buildSettings = {
				ASSETCATALOG_COMPILER_GLOBAL_ACCENT_COLOR_NAME = AccentColor;
				ASSETCATALOG_COMPILER_WIDGET_BACKGROUND_COLOR_NAME = WidgetBackground;
				CLANG_CXX_LANGUAGE_STANDARD = "gnu++20";
				CODE_SIGN_ENTITLEMENTS = BuildsWidget/BuildsWidget.entitlements;
				"CODE_SIGN_IDENTITY[sdk=iphoneos*]" = "iPhone Distribution";
				"CODE_SIGN_IDENTITY[sdk=macosx*]" = "3rd Party Mac Developer Application";
				CODE_SIGN_STYLE = Manual;
				CURRENT_PROJECT_VERSION = 1;
				DEAD_CODE_STRIPPING = YES;
				DEVELOPMENT_TEAM = "";
				"DEVELOPMENT_TEAM[sdk=iphoneos*]" = QS82QFHKWB;
				"DEVELOPMENT_TEAM[sdk=macosx*]" = QS82QFHKWB;
				ENABLE_HARDENED_RUNTIME = YES;
				GCC_C_LANGUAGE_STANDARD = gnu17;
				GENERATE_INFOPLIST_FILE = YES;
				INFOPLIST_FILE = BuildsWidget/Info.plist;
				INFOPLIST_KEY_CFBundleDisplayName = BuildsWidget;
				INFOPLIST_KEY_NSHumanReadableCopyright = "";
				LD_RUNPATH_SEARCH_PATHS = (
					"$(inherited)",
					"@executable_path/Frameworks",
					"@executable_path/../../Frameworks",
				);
				"LD_RUNPATH_SEARCH_PATHS[sdk=macosx*]" = (
					"$(inherited)",
					"@executable_path/../Frameworks",
					"@executable_path/../../../../Frameworks",
				);
				LOCALIZATION_PREFERS_STRING_CATALOGS = YES;
				MARKETING_VERSION = 1.0;
				PRODUCT_BUNDLE_IDENTIFIER = uk.co.jbmorley.builds.apps.appstore.widget;
				PRODUCT_NAME = "$(TARGET_NAME)";
				PROVISIONING_PROFILE_SPECIFIER = "";
				"PROVISIONING_PROFILE_SPECIFIER[sdk=iphoneos*]" = "Builds Widget App Store Profile";
				"PROVISIONING_PROFILE_SPECIFIER[sdk=macosx*]" = "Builds Widget Mac App Store Profile";
				SDKROOT = auto;
				SKIP_INSTALL = YES;
				SUPPORTED_PLATFORMS = "iphoneos iphonesimulator macosx";
				SWIFT_EMIT_LOC_STRINGS = YES;
				SWIFT_VERSION = 5.0;
				TARGETED_DEVICE_FAMILY = "1,2";
			};
			name = Release;
		};
		D8A1224C2BD131C5002BDF42 /* Debug */ = {
			isa = XCBuildConfiguration;
			buildSettings = {
				ASSETCATALOG_COMPILER_GLOBAL_ACCENT_COLOR_NAME = AccentColor;
				ASSETCATALOG_COMPILER_WIDGET_BACKGROUND_COLOR_NAME = WidgetBackground;
				CLANG_CXX_LANGUAGE_STANDARD = "gnu++20";
				CODE_SIGN_STYLE = Automatic;
				CURRENT_PROJECT_VERSION = 1;
				DEVELOPMENT_TEAM = QS82QFHKWB;
				GCC_C_LANGUAGE_STANDARD = gnu17;
				GENERATE_INFOPLIST_FILE = YES;
				INFOPLIST_FILE = BuildsPreviewHostWidget/Info.plist;
				INFOPLIST_KEY_CFBundleDisplayName = BuildsPreviewHostWidget;
				INFOPLIST_KEY_NSHumanReadableCopyright = "";
				IPHONEOS_DEPLOYMENT_TARGET = 17.4;
				LD_RUNPATH_SEARCH_PATHS = (
					"$(inherited)",
					"@executable_path/Frameworks",
					"@executable_path/../../Frameworks",
				);
				LOCALIZATION_PREFERS_STRING_CATALOGS = YES;
				MARKETING_VERSION = 1.0;
				PRODUCT_BUNDLE_IDENTIFIER = uk.co.jbmorley.builds.apps.previews.widget;
				PRODUCT_NAME = "$(TARGET_NAME)";
				SKIP_INSTALL = YES;
				SUPPORTED_PLATFORMS = "iphoneos iphonesimulator macosx";
				SUPPORTS_MACCATALYST = NO;
				SUPPORTS_MAC_DESIGNED_FOR_IPHONE_IPAD = NO;
				SUPPORTS_XR_DESIGNED_FOR_IPHONE_IPAD = NO;
				SWIFT_ACTIVE_COMPILATION_CONDITIONS = "DEBUG $(inherited)";
				SWIFT_EMIT_LOC_STRINGS = YES;
				SWIFT_VERSION = 5.0;
				TARGETED_DEVICE_FAMILY = "1,2";
			};
			name = Debug;
		};
		D8A1224D2BD131C5002BDF42 /* Release */ = {
			isa = XCBuildConfiguration;
			buildSettings = {
				ASSETCATALOG_COMPILER_GLOBAL_ACCENT_COLOR_NAME = AccentColor;
				ASSETCATALOG_COMPILER_WIDGET_BACKGROUND_COLOR_NAME = WidgetBackground;
				CLANG_CXX_LANGUAGE_STANDARD = "gnu++20";
				"CODE_SIGN_IDENTITY[sdk=iphoneos*]" = "iPhone Distribution";
				"CODE_SIGN_IDENTITY[sdk=macosx*]" = "3rd Party Mac Developer Application";
				CODE_SIGN_STYLE = Manual;
				CURRENT_PROJECT_VERSION = 1;
				DEVELOPMENT_TEAM = "";
				"DEVELOPMENT_TEAM[sdk=iphoneos*]" = QS82QFHKWB;
				"DEVELOPMENT_TEAM[sdk=macosx*]" = QS82QFHKWB;
				GCC_C_LANGUAGE_STANDARD = gnu17;
				GENERATE_INFOPLIST_FILE = YES;
				INFOPLIST_FILE = BuildsPreviewHostWidget/Info.plist;
				INFOPLIST_KEY_CFBundleDisplayName = BuildsPreviewHostWidget;
				INFOPLIST_KEY_NSHumanReadableCopyright = "";
				IPHONEOS_DEPLOYMENT_TARGET = 17.4;
				LD_RUNPATH_SEARCH_PATHS = (
					"$(inherited)",
					"@executable_path/Frameworks",
					"@executable_path/../../Frameworks",
				);
				LOCALIZATION_PREFERS_STRING_CATALOGS = YES;
				MARKETING_VERSION = 1.0;
				PRODUCT_BUNDLE_IDENTIFIER = uk.co.jbmorley.builds.apps.previews.widget;
				PRODUCT_NAME = "$(TARGET_NAME)";
				PROVISIONING_PROFILE_SPECIFIER = "";
				"PROVISIONING_PROFILE_SPECIFIER[sdk=iphoneos*]" = "Builds Preview Host Widget App Store Profile";
				"PROVISIONING_PROFILE_SPECIFIER[sdk=macosx*]" = "Builds Preview Host Widget Mac App Store Profile";
				SKIP_INSTALL = YES;
				SUPPORTED_PLATFORMS = "iphoneos iphonesimulator macosx";
				SUPPORTS_MACCATALYST = NO;
				SUPPORTS_MAC_DESIGNED_FOR_IPHONE_IPAD = NO;
				SUPPORTS_XR_DESIGNED_FOR_IPHONE_IPAD = NO;
				SWIFT_EMIT_LOC_STRINGS = YES;
				SWIFT_VERSION = 5.0;
				TARGETED_DEVICE_FAMILY = "1,2";
			};
			name = Release;
		};
		D8E8A9142BD12D2B00E2F282 /* Debug */ = {
			isa = XCBuildConfiguration;
			buildSettings = {
				ASSETCATALOG_COMPILER_APPICON_NAME = AppIcon;
				ASSETCATALOG_COMPILER_GLOBAL_ACCENT_COLOR_NAME = AccentColor;
				CLANG_CXX_LANGUAGE_STANDARD = "gnu++20";
				CODE_SIGN_STYLE = Automatic;
				CURRENT_PROJECT_VERSION = 1;
				DEVELOPMENT_ASSET_PATHS = "\"BuildsPreviewHost/Preview Content\"";
				DEVELOPMENT_TEAM = QS82QFHKWB;
				ENABLE_PREVIEWS = YES;
				GCC_C_LANGUAGE_STANDARD = gnu17;
				GENERATE_INFOPLIST_FILE = YES;
				INFOPLIST_KEY_UIApplicationSceneManifest_Generation = YES;
				INFOPLIST_KEY_UIApplicationSupportsIndirectInputEvents = YES;
				INFOPLIST_KEY_UILaunchScreen_Generation = YES;
				INFOPLIST_KEY_UISupportedInterfaceOrientations_iPad = "UIInterfaceOrientationPortrait UIInterfaceOrientationPortraitUpsideDown UIInterfaceOrientationLandscapeLeft UIInterfaceOrientationLandscapeRight";
				INFOPLIST_KEY_UISupportedInterfaceOrientations_iPhone = "UIInterfaceOrientationPortrait UIInterfaceOrientationLandscapeLeft UIInterfaceOrientationLandscapeRight";
				IPHONEOS_DEPLOYMENT_TARGET = 17.4;
				LD_RUNPATH_SEARCH_PATHS = (
					"$(inherited)",
					"@executable_path/Frameworks",
				);
				LOCALIZATION_PREFERS_STRING_CATALOGS = YES;
				MARKETING_VERSION = 1.0;
				PRODUCT_BUNDLE_IDENTIFIER = uk.co.jbmorley.builds.apps.previews;
				PRODUCT_NAME = "$(TARGET_NAME)";
				SUPPORTED_PLATFORMS = "iphoneos iphonesimulator macosx";
				SUPPORTS_MACCATALYST = NO;
				SUPPORTS_MAC_DESIGNED_FOR_IPHONE_IPAD = NO;
				SUPPORTS_XR_DESIGNED_FOR_IPHONE_IPAD = NO;
				SWIFT_ACTIVE_COMPILATION_CONDITIONS = "DEBUG $(inherited)";
				SWIFT_EMIT_LOC_STRINGS = YES;
				SWIFT_VERSION = 5.0;
				TARGETED_DEVICE_FAMILY = "1,2";
			};
			name = Debug;
		};
		D8E8A9152BD12D2B00E2F282 /* Release */ = {
			isa = XCBuildConfiguration;
			buildSettings = {
				ASSETCATALOG_COMPILER_APPICON_NAME = AppIcon;
				ASSETCATALOG_COMPILER_GLOBAL_ACCENT_COLOR_NAME = AccentColor;
				CLANG_CXX_LANGUAGE_STANDARD = "gnu++20";
				"CODE_SIGN_IDENTITY[sdk=iphoneos*]" = "iPhone Distribution";
				"CODE_SIGN_IDENTITY[sdk=macosx*]" = "3rd Party Mac Developer Application";
				CODE_SIGN_STYLE = Manual;
				CURRENT_PROJECT_VERSION = 1;
				DEVELOPMENT_ASSET_PATHS = "\"BuildsPreviewHost/Preview Content\"";
				DEVELOPMENT_TEAM = "";
				"DEVELOPMENT_TEAM[sdk=iphoneos*]" = QS82QFHKWB;
				"DEVELOPMENT_TEAM[sdk=macosx*]" = QS82QFHKWB;
				ENABLE_PREVIEWS = YES;
				GCC_C_LANGUAGE_STANDARD = gnu17;
				GENERATE_INFOPLIST_FILE = YES;
				INFOPLIST_KEY_UIApplicationSceneManifest_Generation = YES;
				INFOPLIST_KEY_UIApplicationSupportsIndirectInputEvents = YES;
				INFOPLIST_KEY_UILaunchScreen_Generation = YES;
				INFOPLIST_KEY_UISupportedInterfaceOrientations_iPad = "UIInterfaceOrientationPortrait UIInterfaceOrientationPortraitUpsideDown UIInterfaceOrientationLandscapeLeft UIInterfaceOrientationLandscapeRight";
				INFOPLIST_KEY_UISupportedInterfaceOrientations_iPhone = "UIInterfaceOrientationPortrait UIInterfaceOrientationLandscapeLeft UIInterfaceOrientationLandscapeRight";
				IPHONEOS_DEPLOYMENT_TARGET = 17.4;
				LD_RUNPATH_SEARCH_PATHS = (
					"$(inherited)",
					"@executable_path/Frameworks",
				);
				LOCALIZATION_PREFERS_STRING_CATALOGS = YES;
				MARKETING_VERSION = 1.0;
				PRODUCT_BUNDLE_IDENTIFIER = uk.co.jbmorley.builds.apps.previews;
				PRODUCT_NAME = "$(TARGET_NAME)";
				PROVISIONING_PROFILE_SPECIFIER = "";
				"PROVISIONING_PROFILE_SPECIFIER[sdk=iphoneos*]" = "Builds Preview Host App Store Profile";
				"PROVISIONING_PROFILE_SPECIFIER[sdk=macosx*]" = "Builds Preview Host Mac App Store Profile";
				SUPPORTED_PLATFORMS = "iphoneos iphonesimulator macosx";
				SUPPORTS_MACCATALYST = NO;
				SUPPORTS_MAC_DESIGNED_FOR_IPHONE_IPAD = NO;
				SUPPORTS_XR_DESIGNED_FOR_IPHONE_IPAD = NO;
				SWIFT_EMIT_LOC_STRINGS = YES;
				SWIFT_VERSION = 5.0;
				TARGETED_DEVICE_FAMILY = "1,2";
			};
			name = Release;
		};
		D8FEAE2A27F591B200FDADFA /* Debug */ = {
			isa = XCBuildConfiguration;
			buildSettings = {
				ALWAYS_SEARCH_USER_PATHS = NO;
				ASSETCATALOG_COMPILER_GENERATE_SWIFT_ASSET_SYMBOL_EXTENSIONS = YES;
				CLANG_ANALYZER_NONNULL = YES;
				CLANG_ANALYZER_NUMBER_OBJECT_CONVERSION = YES_AGGRESSIVE;
				CLANG_CXX_LANGUAGE_STANDARD = "gnu++17";
				CLANG_ENABLE_MODULES = YES;
				CLANG_ENABLE_OBJC_ARC = YES;
				CLANG_ENABLE_OBJC_WEAK = YES;
				CLANG_WARN_BLOCK_CAPTURE_AUTORELEASING = YES;
				CLANG_WARN_BOOL_CONVERSION = YES;
				CLANG_WARN_COMMA = YES;
				CLANG_WARN_CONSTANT_CONVERSION = YES;
				CLANG_WARN_DEPRECATED_OBJC_IMPLEMENTATIONS = YES;
				CLANG_WARN_DIRECT_OBJC_ISA_USAGE = YES_ERROR;
				CLANG_WARN_DOCUMENTATION_COMMENTS = YES;
				CLANG_WARN_EMPTY_BODY = YES;
				CLANG_WARN_ENUM_CONVERSION = YES;
				CLANG_WARN_INFINITE_RECURSION = YES;
				CLANG_WARN_INT_CONVERSION = YES;
				CLANG_WARN_NON_LITERAL_NULL_CONVERSION = YES;
				CLANG_WARN_OBJC_IMPLICIT_RETAIN_SELF = YES;
				CLANG_WARN_OBJC_LITERAL_CONVERSION = YES;
				CLANG_WARN_OBJC_ROOT_CLASS = YES_ERROR;
				CLANG_WARN_QUOTED_INCLUDE_IN_FRAMEWORK_HEADER = YES;
				CLANG_WARN_RANGE_LOOP_ANALYSIS = YES;
				CLANG_WARN_STRICT_PROTOTYPES = YES;
				CLANG_WARN_SUSPICIOUS_MOVE = YES;
				CLANG_WARN_UNGUARDED_AVAILABILITY = YES_AGGRESSIVE;
				CLANG_WARN_UNREACHABLE_CODE = YES;
				CLANG_WARN__DUPLICATE_METHOD_MATCH = YES;
				COPY_PHASE_STRIP = NO;
				DEBUG_INFORMATION_FORMAT = dwarf;
				ENABLE_STRICT_OBJC_MSGSEND = YES;
				ENABLE_TESTABILITY = YES;
				ENABLE_USER_SCRIPT_SANDBOXING = YES;
				GCC_C_LANGUAGE_STANDARD = gnu11;
				GCC_DYNAMIC_NO_PIC = NO;
				GCC_NO_COMMON_BLOCKS = YES;
				GCC_OPTIMIZATION_LEVEL = 0;
				GCC_PREPROCESSOR_DEFINITIONS = (
					"DEBUG=1",
					"$(inherited)",
				);
				GCC_WARN_64_TO_32_BIT_CONVERSION = YES;
				GCC_WARN_ABOUT_RETURN_TYPE = YES_ERROR;
				GCC_WARN_UNDECLARED_SELECTOR = YES;
				GCC_WARN_UNINITIALIZED_AUTOS = YES_AGGRESSIVE;
				GCC_WARN_UNUSED_FUNCTION = YES;
				GCC_WARN_UNUSED_VARIABLE = YES;
				IPHONEOS_DEPLOYMENT_TARGET = 17.0;
				MACOSX_DEPLOYMENT_TARGET = 14.0;
				MTL_ENABLE_DEBUG_INFO = INCLUDE_SOURCE;
				MTL_FAST_MATH = YES;
				ONLY_ACTIVE_ARCH = YES;
				SDKROOT = iphoneos;
				SWIFT_ACTIVE_COMPILATION_CONDITIONS = DEBUG;
				SWIFT_OPTIMIZATION_LEVEL = "-Onone";
			};
			name = Debug;
		};
		D8FEAE2B27F591B200FDADFA /* Release */ = {
			isa = XCBuildConfiguration;
			buildSettings = {
				ALWAYS_SEARCH_USER_PATHS = NO;
				ASSETCATALOG_COMPILER_GENERATE_SWIFT_ASSET_SYMBOL_EXTENSIONS = YES;
				CLANG_ANALYZER_NONNULL = YES;
				CLANG_ANALYZER_NUMBER_OBJECT_CONVERSION = YES_AGGRESSIVE;
				CLANG_CXX_LANGUAGE_STANDARD = "gnu++17";
				CLANG_ENABLE_MODULES = YES;
				CLANG_ENABLE_OBJC_ARC = YES;
				CLANG_ENABLE_OBJC_WEAK = YES;
				CLANG_WARN_BLOCK_CAPTURE_AUTORELEASING = YES;
				CLANG_WARN_BOOL_CONVERSION = YES;
				CLANG_WARN_COMMA = YES;
				CLANG_WARN_CONSTANT_CONVERSION = YES;
				CLANG_WARN_DEPRECATED_OBJC_IMPLEMENTATIONS = YES;
				CLANG_WARN_DIRECT_OBJC_ISA_USAGE = YES_ERROR;
				CLANG_WARN_DOCUMENTATION_COMMENTS = YES;
				CLANG_WARN_EMPTY_BODY = YES;
				CLANG_WARN_ENUM_CONVERSION = YES;
				CLANG_WARN_INFINITE_RECURSION = YES;
				CLANG_WARN_INT_CONVERSION = YES;
				CLANG_WARN_NON_LITERAL_NULL_CONVERSION = YES;
				CLANG_WARN_OBJC_IMPLICIT_RETAIN_SELF = YES;
				CLANG_WARN_OBJC_LITERAL_CONVERSION = YES;
				CLANG_WARN_OBJC_ROOT_CLASS = YES_ERROR;
				CLANG_WARN_QUOTED_INCLUDE_IN_FRAMEWORK_HEADER = YES;
				CLANG_WARN_RANGE_LOOP_ANALYSIS = YES;
				CLANG_WARN_STRICT_PROTOTYPES = YES;
				CLANG_WARN_SUSPICIOUS_MOVE = YES;
				CLANG_WARN_UNGUARDED_AVAILABILITY = YES_AGGRESSIVE;
				CLANG_WARN_UNREACHABLE_CODE = YES;
				CLANG_WARN__DUPLICATE_METHOD_MATCH = YES;
				COPY_PHASE_STRIP = NO;
				DEBUG_INFORMATION_FORMAT = "dwarf-with-dsym";
				ENABLE_NS_ASSERTIONS = NO;
				ENABLE_STRICT_OBJC_MSGSEND = YES;
				ENABLE_USER_SCRIPT_SANDBOXING = YES;
				GCC_C_LANGUAGE_STANDARD = gnu11;
				GCC_NO_COMMON_BLOCKS = YES;
				GCC_WARN_64_TO_32_BIT_CONVERSION = YES;
				GCC_WARN_ABOUT_RETURN_TYPE = YES_ERROR;
				GCC_WARN_UNDECLARED_SELECTOR = YES;
				GCC_WARN_UNINITIALIZED_AUTOS = YES_AGGRESSIVE;
				GCC_WARN_UNUSED_FUNCTION = YES;
				GCC_WARN_UNUSED_VARIABLE = YES;
				IPHONEOS_DEPLOYMENT_TARGET = 17.0;
				MACOSX_DEPLOYMENT_TARGET = 14.0;
				MTL_ENABLE_DEBUG_INFO = NO;
				MTL_FAST_MATH = YES;
				SDKROOT = iphoneos;
				SWIFT_COMPILATION_MODE = wholemodule;
				SWIFT_OPTIMIZATION_LEVEL = "-O";
				VALIDATE_PRODUCT = YES;
			};
			name = Release;
		};
		D8FEAE2D27F591B200FDADFA /* Debug */ = {
			isa = XCBuildConfiguration;
			buildSettings = {
				ASSETCATALOG_COMPILER_APPICON_NAME = AppIcon;
				ASSETCATALOG_COMPILER_GLOBAL_ACCENT_COLOR_NAME = AccentColor;
				CODE_SIGN_ENTITLEMENTS = Builds/Builds.entitlements;
				CODE_SIGN_IDENTITY = "Apple Development";
				CODE_SIGN_STYLE = Automatic;
				CURRENT_PROJECT_VERSION = 1;
				DEVELOPMENT_ASSET_PATHS = "Builds/Preview\\ Content builds-resources/Scenes";
				DEVELOPMENT_TEAM = QS82QFHKWB;
				ENABLE_PREVIEWS = YES;
				GENERATE_INFOPLIST_FILE = YES;
				INFOPLIST_FILE = Builds/Info.plist;
				INFOPLIST_KEY_LSApplicationCategoryType = "public.app-category.developer-tools";
				INFOPLIST_KEY_UIApplicationSupportsIndirectInputEvents = YES;
				INFOPLIST_KEY_UILaunchScreen_Generation = YES;
				INFOPLIST_KEY_UISupportedInterfaceOrientations_iPad = "UIInterfaceOrientationPortrait UIInterfaceOrientationPortraitUpsideDown UIInterfaceOrientationLandscapeLeft UIInterfaceOrientationLandscapeRight";
				INFOPLIST_KEY_UISupportedInterfaceOrientations_iPhone = "UIInterfaceOrientationPortrait UIInterfaceOrientationLandscapeLeft UIInterfaceOrientationLandscapeRight";
				LD_RUNPATH_SEARCH_PATHS = (
					"$(inherited)",
					"@executable_path/Frameworks",
				);
				MARKETING_VERSION = 1.0;
				PRODUCT_BUNDLE_IDENTIFIER = uk.co.jbmorley.builds.apps.appstore;
				PRODUCT_NAME = Builds;
				PROVISIONING_PROFILE_SPECIFIER = "";
				SUPPORTED_PLATFORMS = "iphoneos iphonesimulator macosx";
				SUPPORTS_MACCATALYST = NO;
				SUPPORTS_MAC_DESIGNED_FOR_IPHONE_IPAD = NO;
				SUPPORTS_XR_DESIGNED_FOR_IPHONE_IPAD = NO;
				SWIFT_EMIT_LOC_STRINGS = YES;
				SWIFT_VERSION = 5.0;
				TARGETED_DEVICE_FAMILY = "1,2";
			};
			name = Debug;
		};
		D8FEAE2E27F591B200FDADFA /* Release */ = {
			isa = XCBuildConfiguration;
			buildSettings = {
				ASSETCATALOG_COMPILER_APPICON_NAME = AppIcon;
				ASSETCATALOG_COMPILER_GLOBAL_ACCENT_COLOR_NAME = AccentColor;
				CODE_SIGN_ENTITLEMENTS = Builds/Builds.entitlements;
				"CODE_SIGN_IDENTITY[sdk=iphoneos*]" = "iPhone Distribution";
				"CODE_SIGN_IDENTITY[sdk=macosx*]" = "3rd Party Mac Developer Application";
				CODE_SIGN_STYLE = Manual;
				CURRENT_PROJECT_VERSION = 1;
				DEVELOPMENT_ASSET_PATHS = "Builds/Preview\\ Content builds-resources/Scenes";
				DEVELOPMENT_TEAM = "";
				"DEVELOPMENT_TEAM[sdk=iphoneos*]" = QS82QFHKWB;
				"DEVELOPMENT_TEAM[sdk=macosx*]" = QS82QFHKWB;
				ENABLE_PREVIEWS = YES;
				GENERATE_INFOPLIST_FILE = YES;
				INFOPLIST_FILE = Builds/Info.plist;
				INFOPLIST_KEY_LSApplicationCategoryType = "public.app-category.developer-tools";
				INFOPLIST_KEY_UIApplicationSupportsIndirectInputEvents = YES;
				INFOPLIST_KEY_UILaunchScreen_Generation = YES;
				INFOPLIST_KEY_UISupportedInterfaceOrientations_iPad = "UIInterfaceOrientationPortrait UIInterfaceOrientationPortraitUpsideDown UIInterfaceOrientationLandscapeLeft UIInterfaceOrientationLandscapeRight";
				INFOPLIST_KEY_UISupportedInterfaceOrientations_iPhone = "UIInterfaceOrientationPortrait UIInterfaceOrientationLandscapeLeft UIInterfaceOrientationLandscapeRight";
				LD_RUNPATH_SEARCH_PATHS = (
					"$(inherited)",
					"@executable_path/Frameworks",
				);
				MARKETING_VERSION = 1.0;
				PRODUCT_BUNDLE_IDENTIFIER = uk.co.jbmorley.builds.apps.appstore;
				PRODUCT_NAME = Builds;
				PROVISIONING_PROFILE_SPECIFIER = "";
				"PROVISIONING_PROFILE_SPECIFIER[sdk=iphoneos*]" = "Builds App Store Profile";
				"PROVISIONING_PROFILE_SPECIFIER[sdk=macosx*]" = "Builds Mac App Store Profile";
				SUPPORTED_PLATFORMS = "iphoneos iphonesimulator macosx";
				SUPPORTS_MACCATALYST = NO;
				SUPPORTS_MAC_DESIGNED_FOR_IPHONE_IPAD = NO;
				SUPPORTS_XR_DESIGNED_FOR_IPHONE_IPAD = NO;
				SWIFT_EMIT_LOC_STRINGS = YES;
				SWIFT_VERSION = 5.0;
				TARGETED_DEVICE_FAMILY = "1,2";
			};
			name = Release;
		};
		D8FEAE3027F591B200FDADFA /* Debug */ = {
			isa = XCBuildConfiguration;
			buildSettings = {
				BUNDLE_LOADER = "$(TEST_HOST)";
				CODE_SIGN_STYLE = Automatic;
				CURRENT_PROJECT_VERSION = 1;
				DEVELOPMENT_TEAM = QS82QFHKWB;
				GENERATE_INFOPLIST_FILE = YES;
				IPHONEOS_DEPLOYMENT_TARGET = 17.0;
				MARKETING_VERSION = 1.0;
				PRODUCT_BUNDLE_IDENTIFIER = uk.co.jbmorley.builds.apps.appstore.tests;
				PRODUCT_NAME = "$(TARGET_NAME)";
				SUPPORTED_PLATFORMS = "iphoneos iphonesimulator macosx";
				SUPPORTS_MACCATALYST = NO;
				SUPPORTS_MAC_DESIGNED_FOR_IPHONE_IPAD = NO;
				SWIFT_EMIT_LOC_STRINGS = NO;
				SWIFT_VERSION = 5.0;
				TARGETED_DEVICE_FAMILY = "1,2";
				TEST_HOST = "$(BUILT_PRODUCTS_DIR)/Builds.app/$(BUNDLE_EXECUTABLE_FOLDER_PATH)/Builds";
			};
			name = Debug;
		};
		D8FEAE3127F591B200FDADFA /* Release */ = {
			isa = XCBuildConfiguration;
			buildSettings = {
				BUNDLE_LOADER = "$(TEST_HOST)";
				CODE_SIGN_STYLE = Automatic;
				CURRENT_PROJECT_VERSION = 1;
				DEVELOPMENT_TEAM = QS82QFHKWB;
				GENERATE_INFOPLIST_FILE = YES;
				IPHONEOS_DEPLOYMENT_TARGET = 17.0;
				MARKETING_VERSION = 1.0;
				PRODUCT_BUNDLE_IDENTIFIER = uk.co.jbmorley.builds.apps.appstore.tests;
				PRODUCT_NAME = "$(TARGET_NAME)";
				SUPPORTED_PLATFORMS = "iphoneos iphonesimulator macosx";
				SUPPORTS_MACCATALYST = NO;
				SUPPORTS_MAC_DESIGNED_FOR_IPHONE_IPAD = NO;
				SWIFT_EMIT_LOC_STRINGS = NO;
				SWIFT_VERSION = 5.0;
				TARGETED_DEVICE_FAMILY = "1,2";
				TEST_HOST = "$(BUILT_PRODUCTS_DIR)/Builds.app/$(BUNDLE_EXECUTABLE_FOLDER_PATH)/Builds";
			};
			name = Release;
		};
		D8FEAE3327F591B200FDADFA /* Debug */ = {
			isa = XCBuildConfiguration;
			buildSettings = {
				CODE_SIGN_STYLE = Automatic;
				CURRENT_PROJECT_VERSION = 1;
				DEVELOPMENT_TEAM = QS82QFHKWB;
				GENERATE_INFOPLIST_FILE = YES;
				MARKETING_VERSION = 1.0;
				PRODUCT_BUNDLE_IDENTIFIER = uk.co.jbmorley.builds.apps.appstore.uitests;
				PRODUCT_NAME = "$(TARGET_NAME)";
				SUPPORTED_PLATFORMS = "iphoneos iphonesimulator macosx";
				SUPPORTS_MACCATALYST = NO;
				SUPPORTS_MAC_DESIGNED_FOR_IPHONE_IPAD = NO;
				SWIFT_EMIT_LOC_STRINGS = NO;
				SWIFT_VERSION = 5.0;
				TARGETED_DEVICE_FAMILY = "1,2";
				TEST_TARGET_NAME = Status;
			};
			name = Debug;
		};
		D8FEAE3427F591B200FDADFA /* Release */ = {
			isa = XCBuildConfiguration;
			buildSettings = {
				CODE_SIGN_STYLE = Automatic;
				CURRENT_PROJECT_VERSION = 1;
				DEVELOPMENT_TEAM = QS82QFHKWB;
				GENERATE_INFOPLIST_FILE = YES;
				MARKETING_VERSION = 1.0;
				PRODUCT_BUNDLE_IDENTIFIER = uk.co.jbmorley.builds.apps.appstore.uitests;
				PRODUCT_NAME = "$(TARGET_NAME)";
				SUPPORTED_PLATFORMS = "iphoneos iphonesimulator macosx";
				SUPPORTS_MACCATALYST = NO;
				SUPPORTS_MAC_DESIGNED_FOR_IPHONE_IPAD = NO;
				SWIFT_EMIT_LOC_STRINGS = NO;
				SWIFT_VERSION = 5.0;
				TARGETED_DEVICE_FAMILY = "1,2";
				TEST_TARGET_NAME = Status;
			};
			name = Release;
		};
/* End XCBuildConfiguration section */

/* Begin XCConfigurationList section */
		D85678062BC1CFF7003D2DB6 /* Build configuration list for PBXNativeTarget "BuildsWidgetExtension" */ = {
			isa = XCConfigurationList;
			buildConfigurations = (
				D85678042BC1CFF7003D2DB6 /* Debug */,
				D85678052BC1CFF7003D2DB6 /* Release */,
			);
			defaultConfigurationIsVisible = 0;
			defaultConfigurationName = Release;
		};
		D8A1224E2BD131C5002BDF42 /* Build configuration list for PBXNativeTarget "BuildsPreviewHostWidgetExtension" */ = {
			isa = XCConfigurationList;
			buildConfigurations = (
				D8A1224C2BD131C5002BDF42 /* Debug */,
				D8A1224D2BD131C5002BDF42 /* Release */,
			);
			defaultConfigurationIsVisible = 0;
			defaultConfigurationName = Release;
		};
		D8E8A9162BD12D2B00E2F282 /* Build configuration list for PBXNativeTarget "BuildsPreviewHost" */ = {
			isa = XCConfigurationList;
			buildConfigurations = (
				D8E8A9142BD12D2B00E2F282 /* Debug */,
				D8E8A9152BD12D2B00E2F282 /* Release */,
			);
			defaultConfigurationIsVisible = 0;
			defaultConfigurationName = Release;
		};
		D8FEAE0327F591AE00FDADFA /* Build configuration list for PBXProject "Builds" */ = {
			isa = XCConfigurationList;
			buildConfigurations = (
				D8FEAE2A27F591B200FDADFA /* Debug */,
				D8FEAE2B27F591B200FDADFA /* Release */,
			);
			defaultConfigurationIsVisible = 0;
			defaultConfigurationName = Release;
		};
		D8FEAE2C27F591B200FDADFA /* Build configuration list for PBXNativeTarget "Builds" */ = {
			isa = XCConfigurationList;
			buildConfigurations = (
				D8FEAE2D27F591B200FDADFA /* Debug */,
				D8FEAE2E27F591B200FDADFA /* Release */,
			);
			defaultConfigurationIsVisible = 0;
			defaultConfigurationName = Release;
		};
		D8FEAE2F27F591B200FDADFA /* Build configuration list for PBXNativeTarget "BuildsTests" */ = {
			isa = XCConfigurationList;
			buildConfigurations = (
				D8FEAE3027F591B200FDADFA /* Debug */,
				D8FEAE3127F591B200FDADFA /* Release */,
			);
			defaultConfigurationIsVisible = 0;
			defaultConfigurationName = Release;
		};
		D8FEAE3227F591B200FDADFA /* Build configuration list for PBXNativeTarget "BuildsUITests" */ = {
			isa = XCConfigurationList;
			buildConfigurations = (
				D8FEAE3327F591B200FDADFA /* Debug */,
				D8FEAE3427F591B200FDADFA /* Release */,
			);
			defaultConfigurationIsVisible = 0;
			defaultConfigurationName = Release;
		};
/* End XCConfigurationList section */

/* Begin XCLocalSwiftPackageReference section */
		D826A57B2BA23228006D25FF /* XCLocalSwiftPackageReference "SelectableCollectionView" */ = {
			isa = XCLocalSwiftPackageReference;
			relativePath = SelectableCollectionView;
		};
		D8DDD5EF2B65F910003FAB23 /* XCLocalSwiftPackageReference "interact" */ = {
			isa = XCLocalSwiftPackageReference;
			relativePath = interact;
		};
		D8DDD5F22B65FB11003FAB23 /* XCLocalSwiftPackageReference "diligence" */ = {
			isa = XCLocalSwiftPackageReference;
			relativePath = diligence;
		};
/* End XCLocalSwiftPackageReference section */

/* Begin XCRemoteSwiftPackageReference section */
		D887C5D42BA0B46D00E46174 /* XCRemoteSwiftPackageReference "SwiftDraw" */ = {
			isa = XCRemoteSwiftPackageReference;
			repositoryURL = "https://github.com/swhitty/SwiftDraw.git";
			requirement = {
				kind = upToNextMajorVersion;
				minimumVersion = 0.16.2;
			};
		};
/* End XCRemoteSwiftPackageReference section */

/* Begin XCSwiftPackageProductDependency section */
		D820A0A52BC481EB00FDD432 /* BuildsCore */ = {
			isa = XCSwiftPackageProductDependency;
			productName = BuildsCore;
		};
		D820A0A72BC481F300FDD432 /* BuildsCore */ = {
			isa = XCSwiftPackageProductDependency;
			productName = BuildsCore;
		};
		D826A57C2BA23228006D25FF /* SelectableCollectionView */ = {
			isa = XCSwiftPackageProductDependency;
			productName = SelectableCollectionView;
		};
		D84D18732BC311D000C907B2 /* Interact */ = {
			isa = XCSwiftPackageProductDependency;
			package = D8DDD5EF2B65F910003FAB23 /* XCLocalSwiftPackageReference "interact" */;
			productName = Interact;
		};
		D887C5D52BA0B48000E46174 /* SwiftDraw */ = {
			isa = XCSwiftPackageProductDependency;
			package = D887C5D42BA0B46D00E46174 /* XCRemoteSwiftPackageReference "SwiftDraw" */;
			productName = SwiftDraw;
		};
		D8A1224F2BD131E0002BDF42 /* BuildsCore */ = {
			isa = XCSwiftPackageProductDependency;
			productName = BuildsCore;
		};
		D8DDD5F02B65F910003FAB23 /* Interact */ = {
			isa = XCSwiftPackageProductDependency;
			productName = Interact;
		};
		D8DDD5F32B65FB11003FAB23 /* Diligence */ = {
			isa = XCSwiftPackageProductDependency;
			productName = Diligence;
		};
		D8E8A9172BD12D5500E2F282 /* BuildsCore */ = {
			isa = XCSwiftPackageProductDependency;
			productName = BuildsCore;
		};
/* End XCSwiftPackageProductDependency section */
	};
	rootObject = D8FEAE0027F591AE00FDADFA /* Project object */;
}
