// !$*UTF8*$!
{
	archiveVersion = 1;
	classes = {
	};
	objectVersion = 60;
	objects = {

/* Begin PBXBuildFile section */
		D81251B62B918472001F6E85 /* SummaryState.swift in Sources */ = {isa = PBXBuildFile; fileRef = D81251B52B918472001F6E85 /* SummaryState.swift */; };
		D81251B82B929935001F6E85 /* BuildsError.swift in Sources */ = {isa = PBXBuildFile; fileRef = D81251B72B929935001F6E85 /* BuildsError.swift */; };
		D81251BA2B929B27001F6E85 /* MainWindow.swift in Sources */ = {isa = PBXBuildFile; fileRef = D81251B92B929B27001F6E85 /* MainWindow.swift */; };
		D81251BD2B92A39C001F6E85 /* HandlesAuthentication.swift in Sources */ = {isa = PBXBuildFile; fileRef = D81251BC2B92A39C001F6E85 /* HandlesAuthentication.swift */; };
		D826A57D2BA23228006D25FF /* SelectableCollectionView in Frameworks */ = {isa = PBXBuildFile; productRef = D826A57C2BA23228006D25FF /* SelectableCollectionView */; };
		D82E6E722BAB809300536E15 /* Scenes in Resources */ = {isa = PBXBuildFile; fileRef = D82E6E712BAB809200536E15 /* Scenes */; };
		D8355DCF27F63B680091BAFD /* GitHub.swift in Sources */ = {isa = PBXBuildFile; fileRef = D8355DCE27F63B680091BAFD /* GitHub.swift */; };
		D8355DD227F674F20091BAFD /* URL.swift in Sources */ = {isa = PBXBuildFile; fileRef = D8355DD127F674F20091BAFD /* URL.swift */; };
		D837E7EF2BB62CA000D39C25 /* OpenContext.swift in Sources */ = {isa = PBXBuildFile; fileRef = D837E7EE2BB62CA000D39C25 /* OpenContext.swift */; };
		D83929DB2BA367DD0022B4A3 /* Collection.swift in Sources */ = {isa = PBXBuildFile; fileRef = D83929DA2BA367DD0022B4A3 /* Collection.swift */; };
		D83DE3962BB218CB00234B01 /* HTTPStatusCode.swift in Sources */ = {isa = PBXBuildFile; fileRef = D83DE3952BB218CB00234B01 /* HTTPStatusCode.swift */; };
		D850F4D72BAA4E7B00CE1796 /* Confirmation.swift in Sources */ = {isa = PBXBuildFile; fileRef = D850F4D62BAA4E7B00CE1796 /* Confirmation.swift */; };
		D850F4D92BAA4EA700CE1796 /* PresentsConfirmable.swift in Sources */ = {isa = PBXBuildFile; fileRef = D850F4D82BAA4EA700CE1796 /* PresentsConfirmable.swift */; };
		D850F4DB2BAA709800CE1796 /* Confirmable.swift in Sources */ = {isa = PBXBuildFile; fileRef = D850F4DA2BAA709800CE1796 /* Confirmable.swift */; };
		D850F4DD2BAA75F900CE1796 /* ConfirmableAction.swift in Sources */ = {isa = PBXBuildFile; fileRef = D850F4DC2BAA75F900CE1796 /* ConfirmableAction.swift */; };
		D85383552BB4EBB50013F267 /* SingleWindow.swift in Sources */ = {isa = PBXBuildFile; fileRef = D85383542BB4EBB50013F267 /* SingleWindow.swift */; };
		D854FD852BB615D500DD31DD /* WorkflowCommands.swift in Sources */ = {isa = PBXBuildFile; fileRef = D854FD842BB615D500DD31DD /* WorkflowCommands.swift */; };
		D854FD872BB616EE00DD31DD /* WorkflowMenu.swift in Sources */ = {isa = PBXBuildFile; fileRef = D854FD862BB616EE00DD31DD /* WorkflowMenu.swift */; };
		D85AC0DB2BAE540B003CAE8F /* SummaryCommands.swift in Sources */ = {isa = PBXBuildFile; fileRef = D85AC0DA2BAE540B003CAE8F /* SummaryCommands.swift */; };
		D866F250280350BC00FC6EBB /* PhoneSettingsView.swift in Sources */ = {isa = PBXBuildFile; fileRef = D866F24F280350BC00FC6EBB /* PhoneSettingsView.swift */; };
		D86A91472B9E5FF30008FF63 /* InfoView.swift in Sources */ = {isa = PBXBuildFile; fileRef = D86A91462B9E5FF30008FF63 /* InfoView.swift */; };
		D86B1D302B9EA78000CA4E21 /* PopoverButton.swift in Sources */ = {isa = PBXBuildFile; fileRef = D86B1D2F2B9EA78000CA4E21 /* PopoverButton.swift */; };
		D86F531E2BB5025100C9A1AF /* Calendar.swift in Sources */ = {isa = PBXBuildFile; fileRef = D86F531D2BB5025100C9A1AF /* Calendar.swift */; };
		D86F53212BB5026C00C9A1AF /* Date.swift in Sources */ = {isa = PBXBuildFile; fileRef = D86F53202BB5026C00C9A1AF /* Date.swift */; };
		D86F53232BB5028900C9A1AF /* DurationView.swift in Sources */ = {isa = PBXBuildFile; fileRef = D86F53222BB5028900C9A1AF /* DurationView.swift */; };
		D86F53252BB50C7100C9A1AF /* InfoWindow.swift in Sources */ = {isa = PBXBuildFile; fileRef = D86F53242BB50C7100C9A1AF /* InfoWindow.swift */; };
		D86F53282BB514C000C9A1AF /* PresentURLAction.swift in Sources */ = {isa = PBXBuildFile; fileRef = D86F53272BB514C000C9A1AF /* PresentURLAction.swift */; };
		D86F532A2BB5163100C9A1AF /* PresentURL.swift in Sources */ = {isa = PBXBuildFile; fileRef = D86F53292BB5163100C9A1AF /* PresentURL.swift */; };
		D87390EE2BA1301400EFC8B8 /* MenuButtonStyle.swift in Sources */ = {isa = PBXBuildFile; fileRef = D87390ED2BA1301400EFC8B8 /* MenuButtonStyle.swift */; };
		D87390F02BA134D400EFC8B8 /* EdgeInsets.swift in Sources */ = {isa = PBXBuildFile; fileRef = D87390EF2BA134D400EFC8B8 /* EdgeInsets.swift */; };
		D87E0D3E2BB4E2EC00E94A59 /* PresentsURL.swift in Sources */ = {isa = PBXBuildFile; fileRef = D87E0D3D2BB4E2EC00E94A59 /* PresentsURL.swift */; };
		D87E0D402BB4E52700E94A59 /* WorkflowInspectorModel.swift in Sources */ = {isa = PBXBuildFile; fileRef = D87E0D3F2BB4E52700E94A59 /* WorkflowInspectorModel.swift */; };
		D87F23742B6600150085DC12 /* material-icons-license in Resources */ = {isa = PBXBuildFile; fileRef = D87F23732B6600150085DC12 /* material-icons-license */; };
		D87F23762B66006F0085DC12 /* builds-license in Resources */ = {isa = PBXBuildFile; fileRef = D87F23752B66006F0085DC12 /* builds-license */; };
		D8800B632BB4B25800AD3BB7 /* SheetReader.swift in Sources */ = {isa = PBXBuildFile; fileRef = D8800B622BB4B25800AD3BB7 /* SheetReader.swift */; };
		D88208DB2BB23C030075E9B7 /* HTTPURLResponseError.swift in Sources */ = {isa = PBXBuildFile; fileRef = D88208DA2BB23C030075E9B7 /* HTTPURLResponseError.swift */; };
		D883F1B52B97EC9E00B00F1C /* Localizable.xcstrings in Resources */ = {isa = PBXBuildFile; fileRef = D883F1B42B97EC9E00B00F1C /* Localizable.xcstrings */; };
		D883F1B72B97FD6F00B00F1C /* Dismissable.swift in Sources */ = {isa = PBXBuildFile; fileRef = D883F1B62B97FD6F00B00F1C /* Dismissable.swift */; };
		D883F1B92B98019400B00F1C /* Sidebar.swift in Sources */ = {isa = PBXBuildFile; fileRef = D883F1B82B98019400B00F1C /* Sidebar.swift */; };
		D883F1BB2B9803FD00B00F1C /* SectionIdentifier.swift in Sources */ = {isa = PBXBuildFile; fileRef = D883F1BA2B9803FD00B00F1C /* SectionIdentifier.swift */; };
		D883F1BE2B98087700B00F1C /* WorkflowsSection.swift in Sources */ = {isa = PBXBuildFile; fileRef = D883F1BD2B98087700B00F1C /* WorkflowsSection.swift */; };
		D887C5CC2BA0AAF700E46174 /* SafariWebView.swift in Sources */ = {isa = PBXBuildFile; fileRef = D887C5CB2BA0AAF700E46174 /* SafariWebView.swift */; };
		D887C5D02BA0B33800E46174 /* github-mark.svg in Resources */ = {isa = PBXBuildFile; fileRef = D887C5CF2BA0B33800E46174 /* github-mark.svg */; };
		D887C5D62BA0B48000E46174 /* SwiftDraw in Frameworks */ = {isa = PBXBuildFile; productRef = D887C5D52BA0B48000E46174 /* SwiftDraw */; };
		D887C5D82BA0B49600E46174 /* SVGImage.swift in Sources */ = {isa = PBXBuildFile; fileRef = D887C5D72BA0B49600E46174 /* SVGImage.swift */; };
		D887C5DA2BA0B60400E46174 /* swiftdraw-license in Resources */ = {isa = PBXBuildFile; fileRef = D887C5D92BA0B60400E46174 /* swiftdraw-license */; };
		D889F49C2BAE58EF004CFC50 /* PrivacyInfo.xcprivacy in Resources */ = {isa = PBXBuildFile; fileRef = D889F49B2BAE57BF004CFC50 /* PrivacyInfo.xcprivacy */; };
		D891771B2BA5452F0080B20C /* SummaryPanelViewController.swift in Sources */ = {isa = PBXBuildFile; fileRef = D891771A2BA5452F0080B20C /* SummaryPanelViewController.swift */; };
		D891771E2BA5457E0080B20C /* SummaryPanel.swift in Sources */ = {isa = PBXBuildFile; fileRef = D891771D2BA5457E0080B20C /* SummaryPanel.swift */; };
		D8A269B12BAA3B6800A0E19A /* ProgressSpinner.swift in Sources */ = {isa = PBXBuildFile; fileRef = D8A269B02BAA3B6800A0E19A /* ProgressSpinner.swift */; };
		D8ADD98F2B9E9E2700D314F1 /* DetailsPopover.swift in Sources */ = {isa = PBXBuildFile; fileRef = D8ADD98E2B9E9E2700D314F1 /* DetailsPopover.swift */; };
		D8ADD9912B9E9E5600D314F1 /* AnnotationList.swift in Sources */ = {isa = PBXBuildFile; fileRef = D8ADD9902B9E9E5600D314F1 /* AnnotationList.swift */; };
		D8ADD9932B9EA06800D314F1 /* WorkflowJobsList.swift in Sources */ = {isa = PBXBuildFile; fileRef = D8ADD9922B9EA06800D314F1 /* WorkflowJobsList.swift */; };
		D8B49EE82BB76D4D0076E273 /* StatusButton.swift in Sources */ = {isa = PBXBuildFile; fileRef = D8B49EE72BB76D4D0076E273 /* StatusButton.swift */; };
		D8C2FE182B9D61D00086A630 /* BranchPickerSheet.swift in Sources */ = {isa = PBXBuildFile; fileRef = D8C2FE172B9D61D00086A630 /* BranchPickerSheet.swift */; };
		D8CA0EEA2B93D6FD00DAE758 /* LifecycleCommands.swift in Sources */ = {isa = PBXBuildFile; fileRef = D8CA0EE92B93D6FD00DAE758 /* LifecycleCommands.swift */; };
		D8CA0EEC2B93E1E800DAE758 /* AccountCommands.swift in Sources */ = {isa = PBXBuildFile; fileRef = D8CA0EEB2B93E1E800DAE758 /* AccountCommands.swift */; };
		D8CA0EEE2B93E5A600DAE758 /* SceneModel.swift in Sources */ = {isa = PBXBuildFile; fileRef = D8CA0EED2B93E5A600DAE758 /* SceneModel.swift */; };
		D8CA0EF02B940BBB00DAE758 /* RefreshScheduler.swift in Sources */ = {isa = PBXBuildFile; fileRef = D8CA0EEF2B940BBB00DAE758 /* RefreshScheduler.swift */; };
		D8CA0EF22B94110A00DAE758 /* TimeInterval.swift in Sources */ = {isa = PBXBuildFile; fileRef = D8CA0EF12B94110A00DAE758 /* TimeInterval.swift */; };
		D8CA0EF42B9412C300DAE758 /* RequestsHigherFrequencyUpdates.swift in Sources */ = {isa = PBXBuildFile; fileRef = D8CA0EF32B9412C300DAE758 /* RequestsHigherFrequencyUpdates.swift */; };
		D8CA0EF62B942BD900DAE758 /* WorkflowInstance.swift in Sources */ = {isa = PBXBuildFile; fileRef = D8CA0EF52B942BD900DAE758 /* WorkflowInstance.swift */; };
		D8D3FAFA2BB63F16001298CC /* FocusedSceneModel.swift in Sources */ = {isa = PBXBuildFile; fileRef = D8D3FAF92BB63F16001298CC /* FocusedSceneModel.swift */; };
		D8D3FAFC2BB64239001298CC /* InfoSheet.swift in Sources */ = {isa = PBXBuildFile; fileRef = D8D3FAFB2BB64239001298CC /* InfoSheet.swift */; };
		D8D413E928043FCD001BA6C0 /* WorkflowInstanceCell.swift in Sources */ = {isa = PBXBuildFile; fileRef = D8D413E828043FCD001BA6C0 /* WorkflowInstanceCell.swift */; };
		D8D413EB28044062001BA6C0 /* WorkflowsView.swift in Sources */ = {isa = PBXBuildFile; fileRef = D8D413EA28044062001BA6C0 /* WorkflowsView.swift */; };
		D8D413EF280454AA001BA6C0 /* ApplicationModel.swift in Sources */ = {isa = PBXBuildFile; fileRef = D8D413EE280454AA001BA6C0 /* ApplicationModel.swift */; };
		D8D413F328045535001BA6C0 /* Action.swift in Sources */ = {isa = PBXBuildFile; fileRef = D8D413F228045535001BA6C0 /* Action.swift */; };
		D8D413F528045577001BA6C0 /* WorkflowResult.swift in Sources */ = {isa = PBXBuildFile; fileRef = D8D413F428045577001BA6C0 /* WorkflowResult.swift */; };
		D8D413F9280479B7001BA6C0 /* Configuration.swift in Sources */ = {isa = PBXBuildFile; fileRef = D8D413F8280479B7001BA6C0 /* Configuration.swift */; };
		D8D413FB28047AEE001BA6C0 /* configuration.json in Resources */ = {isa = PBXBuildFile; fileRef = D8D413FA28047AEE001BA6C0 /* configuration.json */; };
		D8D413FD28047B85001BA6C0 /* Bundle.swift in Sources */ = {isa = PBXBuildFile; fileRef = D8D413FC28047B85001BA6C0 /* Bundle.swift */; };
		D8DA9D812B96FFEC00C17DBC /* WorkflowsContentView.swift in Sources */ = {isa = PBXBuildFile; fileRef = D8DA9D802B96FFEC00C17DBC /* WorkflowsContentView.swift */; };
		D8DA9D832B97000F00C17DBC /* WorkflowsModel.swift in Sources */ = {isa = PBXBuildFile; fileRef = D8DA9D822B97000F00C17DBC /* WorkflowsModel.swift */; };
		D8DA9D852B97004900C17DBC /* WorkflowsWindow.swift in Sources */ = {isa = PBXBuildFile; fileRef = D8DA9D842B97004900C17DBC /* WorkflowsWindow.swift */; };
		D8DA9D872B97007200C17DBC /* WorkflowsPicker.swift in Sources */ = {isa = PBXBuildFile; fileRef = D8DA9D862B97007200C17DBC /* WorkflowsPicker.swift */; };
		D8DA9D892B97009900C17DBC /* WorkflowsPickerModel.swift in Sources */ = {isa = PBXBuildFile; fileRef = D8DA9D882B97009900C17DBC /* WorkflowsPickerModel.swift */; };
		D8DA9D8B2B97011800C17DBC /* RepositoryDetails.swift in Sources */ = {isa = PBXBuildFile; fileRef = D8DA9D8A2B97011800C17DBC /* RepositoryDetails.swift */; };
		D8DDD5F12B65F910003FAB23 /* Interact in Frameworks */ = {isa = PBXBuildFile; productRef = D8DDD5F02B65F910003FAB23 /* Interact */; };
		D8DDD5F42B65FB11003FAB23 /* Diligence in Frameworks */ = {isa = PBXBuildFile; productRef = D8DDD5F32B65FB11003FAB23 /* Diligence */; };
		D8EE7DD12B7F341800A3DCF0 /* Legal.swift in Sources */ = {isa = PBXBuildFile; fileRef = D8EE7DD02B7F341800A3DCF0 /* Legal.swift */; };
		D8EE7DD32B7F3A2900A3DCF0 /* AboutButton.swift in Sources */ = {isa = PBXBuildFile; fileRef = D8EE7DD22B7F3A2900A3DCF0 /* AboutButton.swift */; };
		D8F0CE0527F89A8100F4EC83 /* GitHubClient.swift in Sources */ = {isa = PBXBuildFile; fileRef = D8F0CE0427F89A8100F4EC83 /* GitHubClient.swift */; };
		D8FEAE0C27F591AE00FDADFA /* BuildsApp.swift in Sources */ = {isa = PBXBuildFile; fileRef = D8FEAE0B27F591AE00FDADFA /* BuildsApp.swift */; };
		D8FEAE0E27F591AE00FDADFA /* MainContentView.swift in Sources */ = {isa = PBXBuildFile; fileRef = D8FEAE0D27F591AE00FDADFA /* MainContentView.swift */; };
		D8FEAE1027F591B200FDADFA /* Assets.xcassets in Resources */ = {isa = PBXBuildFile; fileRef = D8FEAE0F27F591B200FDADFA /* Assets.xcassets */; };
		D8FEAE1327F591B200FDADFA /* Preview Assets.xcassets in Resources */ = {isa = PBXBuildFile; fileRef = D8FEAE1227F591B200FDADFA /* Preview Assets.xcassets */; };
		D8FEAE1D27F591B200FDADFA /* BuildsTests.swift in Sources */ = {isa = PBXBuildFile; fileRef = D8FEAE1C27F591B200FDADFA /* BuildsTests.swift */; };
		D8FEAE2727F591B200FDADFA /* BuildsUITests.swift in Sources */ = {isa = PBXBuildFile; fileRef = D8FEAE2627F591B200FDADFA /* BuildsUITests.swift */; };
		D8FEAE2927F591B200FDADFA /* BuildsUITestsLaunchTests.swift in Sources */ = {isa = PBXBuildFile; fileRef = D8FEAE2827F591B200FDADFA /* BuildsUITestsLaunchTests.swift */; };
/* End PBXBuildFile section */

/* Begin PBXContainerItemProxy section */
		D8FEAE1927F591B200FDADFA /* PBXContainerItemProxy */ = {
			isa = PBXContainerItemProxy;
			containerPortal = D8FEAE0027F591AE00FDADFA /* Project object */;
			proxyType = 1;
			remoteGlobalIDString = D8FEAE0727F591AE00FDADFA;
			remoteInfo = Status;
		};
		D8FEAE2327F591B200FDADFA /* PBXContainerItemProxy */ = {
			isa = PBXContainerItemProxy;
			containerPortal = D8FEAE0027F591AE00FDADFA /* Project object */;
			proxyType = 1;
			remoteGlobalIDString = D8FEAE0727F591AE00FDADFA;
			remoteInfo = Status;
		};
/* End PBXContainerItemProxy section */

/* Begin PBXFileReference section */
		D8092EFF2B698E9F00FD21C8 /* Builds.entitlements */ = {isa = PBXFileReference; lastKnownFileType = text.plist.entitlements; path = Builds.entitlements; sourceTree = "<group>"; };
		D81251B52B918472001F6E85 /* SummaryState.swift */ = {isa = PBXFileReference; lastKnownFileType = sourcecode.swift; path = SummaryState.swift; sourceTree = "<group>"; };
		D81251B72B929935001F6E85 /* BuildsError.swift */ = {isa = PBXFileReference; lastKnownFileType = sourcecode.swift; path = BuildsError.swift; sourceTree = "<group>"; };
		D81251B92B929B27001F6E85 /* MainWindow.swift */ = {isa = PBXFileReference; lastKnownFileType = sourcecode.swift; path = MainWindow.swift; sourceTree = "<group>"; };
		D81251BC2B92A39C001F6E85 /* HandlesAuthentication.swift */ = {isa = PBXFileReference; lastKnownFileType = sourcecode.swift; path = HandlesAuthentication.swift; sourceTree = "<group>"; };
		D82E6E712BAB809200536E15 /* Scenes */ = {isa = PBXFileReference; lastKnownFileType = folder; name = Scenes; path = "builds-resources/Scenes"; sourceTree = SOURCE_ROOT; };
		D8355DCE27F63B680091BAFD /* GitHub.swift */ = {isa = PBXFileReference; lastKnownFileType = sourcecode.swift; path = GitHub.swift; sourceTree = "<group>"; };
		D8355DD127F674F20091BAFD /* URL.swift */ = {isa = PBXFileReference; lastKnownFileType = sourcecode.swift; path = URL.swift; sourceTree = "<group>"; };
		D837E7EE2BB62CA000D39C25 /* OpenContext.swift */ = {isa = PBXFileReference; lastKnownFileType = sourcecode.swift; path = OpenContext.swift; sourceTree = "<group>"; };
		D83929DA2BA367DD0022B4A3 /* Collection.swift */ = {isa = PBXFileReference; lastKnownFileType = sourcecode.swift; path = Collection.swift; sourceTree = "<group>"; };
		D83DE3952BB218CB00234B01 /* HTTPStatusCode.swift */ = {isa = PBXFileReference; lastKnownFileType = sourcecode.swift; path = HTTPStatusCode.swift; sourceTree = "<group>"; };
		D850F4D62BAA4E7B00CE1796 /* Confirmation.swift */ = {isa = PBXFileReference; lastKnownFileType = sourcecode.swift; path = Confirmation.swift; sourceTree = "<group>"; };
		D850F4D82BAA4EA700CE1796 /* PresentsConfirmable.swift */ = {isa = PBXFileReference; lastKnownFileType = sourcecode.swift; path = PresentsConfirmable.swift; sourceTree = "<group>"; };
		D850F4DA2BAA709800CE1796 /* Confirmable.swift */ = {isa = PBXFileReference; lastKnownFileType = sourcecode.swift; path = Confirmable.swift; sourceTree = "<group>"; };
		D850F4DC2BAA75F900CE1796 /* ConfirmableAction.swift */ = {isa = PBXFileReference; lastKnownFileType = sourcecode.swift; path = ConfirmableAction.swift; sourceTree = "<group>"; };
		D85383542BB4EBB50013F267 /* SingleWindow.swift */ = {isa = PBXFileReference; lastKnownFileType = sourcecode.swift; path = SingleWindow.swift; sourceTree = "<group>"; };
		D854FD842BB615D500DD31DD /* WorkflowCommands.swift */ = {isa = PBXFileReference; lastKnownFileType = sourcecode.swift; path = WorkflowCommands.swift; sourceTree = "<group>"; };
		D854FD862BB616EE00DD31DD /* WorkflowMenu.swift */ = {isa = PBXFileReference; lastKnownFileType = sourcecode.swift; path = WorkflowMenu.swift; sourceTree = "<group>"; };
		D85AC0DA2BAE540B003CAE8F /* SummaryCommands.swift */ = {isa = PBXFileReference; lastKnownFileType = sourcecode.swift; path = SummaryCommands.swift; sourceTree = "<group>"; };
		D866F24F280350BC00FC6EBB /* PhoneSettingsView.swift */ = {isa = PBXFileReference; lastKnownFileType = sourcecode.swift; path = PhoneSettingsView.swift; sourceTree = "<group>"; };
		D86A91462B9E5FF30008FF63 /* InfoView.swift */ = {isa = PBXFileReference; lastKnownFileType = sourcecode.swift; path = InfoView.swift; sourceTree = "<group>"; };
		D86B1D2F2B9EA78000CA4E21 /* PopoverButton.swift */ = {isa = PBXFileReference; lastKnownFileType = sourcecode.swift; path = PopoverButton.swift; sourceTree = "<group>"; };
		D86F531D2BB5025100C9A1AF /* Calendar.swift */ = {isa = PBXFileReference; lastKnownFileType = sourcecode.swift; path = Calendar.swift; sourceTree = "<group>"; };
		D86F53202BB5026C00C9A1AF /* Date.swift */ = {isa = PBXFileReference; lastKnownFileType = sourcecode.swift; path = Date.swift; sourceTree = "<group>"; };
		D86F53222BB5028900C9A1AF /* DurationView.swift */ = {isa = PBXFileReference; lastKnownFileType = sourcecode.swift; path = DurationView.swift; sourceTree = "<group>"; };
		D86F53242BB50C7100C9A1AF /* InfoWindow.swift */ = {isa = PBXFileReference; lastKnownFileType = sourcecode.swift; path = InfoWindow.swift; sourceTree = "<group>"; };
		D86F53272BB514C000C9A1AF /* PresentURLAction.swift */ = {isa = PBXFileReference; lastKnownFileType = sourcecode.swift; path = PresentURLAction.swift; sourceTree = "<group>"; };
		D86F53292BB5163100C9A1AF /* PresentURL.swift */ = {isa = PBXFileReference; lastKnownFileType = sourcecode.swift; path = PresentURL.swift; sourceTree = "<group>"; };
		D87390ED2BA1301400EFC8B8 /* MenuButtonStyle.swift */ = {isa = PBXFileReference; lastKnownFileType = sourcecode.swift; path = MenuButtonStyle.swift; sourceTree = "<group>"; };
		D87390EF2BA134D400EFC8B8 /* EdgeInsets.swift */ = {isa = PBXFileReference; lastKnownFileType = sourcecode.swift; path = EdgeInsets.swift; sourceTree = "<group>"; };
		D87E0D3D2BB4E2EC00E94A59 /* PresentsURL.swift */ = {isa = PBXFileReference; lastKnownFileType = sourcecode.swift; path = PresentsURL.swift; sourceTree = "<group>"; };
		D87E0D3F2BB4E52700E94A59 /* WorkflowInspectorModel.swift */ = {isa = PBXFileReference; lastKnownFileType = sourcecode.swift; path = WorkflowInspectorModel.swift; sourceTree = "<group>"; };
		D87F23732B6600150085DC12 /* material-icons-license */ = {isa = PBXFileReference; lastKnownFileType = text; path = "material-icons-license"; sourceTree = "<group>"; };
		D87F23752B66006F0085DC12 /* builds-license */ = {isa = PBXFileReference; lastKnownFileType = text; path = "builds-license"; sourceTree = "<group>"; };
		D8800B622BB4B25800AD3BB7 /* SheetReader.swift */ = {isa = PBXFileReference; lastKnownFileType = sourcecode.swift; path = SheetReader.swift; sourceTree = "<group>"; };
		D88208DA2BB23C030075E9B7 /* HTTPURLResponseError.swift */ = {isa = PBXFileReference; lastKnownFileType = sourcecode.swift; path = HTTPURLResponseError.swift; sourceTree = "<group>"; };
		D883F1B42B97EC9E00B00F1C /* Localizable.xcstrings */ = {isa = PBXFileReference; lastKnownFileType = text.json.xcstrings; path = Localizable.xcstrings; sourceTree = "<group>"; };
		D883F1B62B97FD6F00B00F1C /* Dismissable.swift */ = {isa = PBXFileReference; lastKnownFileType = sourcecode.swift; path = Dismissable.swift; sourceTree = "<group>"; };
		D883F1B82B98019400B00F1C /* Sidebar.swift */ = {isa = PBXFileReference; lastKnownFileType = sourcecode.swift; path = Sidebar.swift; sourceTree = "<group>"; };
		D883F1BA2B9803FD00B00F1C /* SectionIdentifier.swift */ = {isa = PBXFileReference; lastKnownFileType = sourcecode.swift; path = SectionIdentifier.swift; sourceTree = "<group>"; };
		D883F1BD2B98087700B00F1C /* WorkflowsSection.swift */ = {isa = PBXFileReference; lastKnownFileType = sourcecode.swift; path = WorkflowsSection.swift; sourceTree = "<group>"; };
		D887C5CB2BA0AAF700E46174 /* SafariWebView.swift */ = {isa = PBXFileReference; lastKnownFileType = sourcecode.swift; path = SafariWebView.swift; sourceTree = "<group>"; };
		D887C5CF2BA0B33800E46174 /* github-mark.svg */ = {isa = PBXFileReference; fileEncoding = 4; lastKnownFileType = text; path = "github-mark.svg"; sourceTree = "<group>"; };
		D887C5D72BA0B49600E46174 /* SVGImage.swift */ = {isa = PBXFileReference; lastKnownFileType = sourcecode.swift; path = SVGImage.swift; sourceTree = "<group>"; };
		D887C5D92BA0B60400E46174 /* swiftdraw-license */ = {isa = PBXFileReference; lastKnownFileType = text; path = "swiftdraw-license"; sourceTree = "<group>"; };
		D889F49B2BAE57BF004CFC50 /* PrivacyInfo.xcprivacy */ = {isa = PBXFileReference; lastKnownFileType = text.xml; path = PrivacyInfo.xcprivacy; sourceTree = "<group>"; };
		D891771A2BA5452F0080B20C /* SummaryPanelViewController.swift */ = {isa = PBXFileReference; lastKnownFileType = sourcecode.swift; path = SummaryPanelViewController.swift; sourceTree = "<group>"; };
		D891771D2BA5457E0080B20C /* SummaryPanel.swift */ = {isa = PBXFileReference; lastKnownFileType = sourcecode.swift; path = SummaryPanel.swift; sourceTree = "<group>"; };
		D89E58172B65D2AA0027EB4E /* Info.plist */ = {isa = PBXFileReference; lastKnownFileType = text.plist; path = Info.plist; sourceTree = "<group>"; };
		D8A269B02BAA3B6800A0E19A /* ProgressSpinner.swift */ = {isa = PBXFileReference; lastKnownFileType = sourcecode.swift; path = ProgressSpinner.swift; sourceTree = "<group>"; };
		D8ADD98E2B9E9E2700D314F1 /* DetailsPopover.swift */ = {isa = PBXFileReference; lastKnownFileType = sourcecode.swift; path = DetailsPopover.swift; sourceTree = "<group>"; };
		D8ADD9902B9E9E5600D314F1 /* AnnotationList.swift */ = {isa = PBXFileReference; lastKnownFileType = sourcecode.swift; path = AnnotationList.swift; sourceTree = "<group>"; };
		D8ADD9922B9EA06800D314F1 /* WorkflowJobsList.swift */ = {isa = PBXFileReference; lastKnownFileType = sourcecode.swift; path = WorkflowJobsList.swift; sourceTree = "<group>"; };
		D8B49EE72BB76D4D0076E273 /* StatusButton.swift */ = {isa = PBXFileReference; lastKnownFileType = sourcecode.swift; path = StatusButton.swift; sourceTree = "<group>"; };
		D8C2FE172B9D61D00086A630 /* BranchPickerSheet.swift */ = {isa = PBXFileReference; lastKnownFileType = sourcecode.swift; path = BranchPickerSheet.swift; sourceTree = "<group>"; };
		D8CA0EE92B93D6FD00DAE758 /* LifecycleCommands.swift */ = {isa = PBXFileReference; lastKnownFileType = sourcecode.swift; path = LifecycleCommands.swift; sourceTree = "<group>"; };
		D8CA0EEB2B93E1E800DAE758 /* AccountCommands.swift */ = {isa = PBXFileReference; lastKnownFileType = sourcecode.swift; path = AccountCommands.swift; sourceTree = "<group>"; };
		D8CA0EED2B93E5A600DAE758 /* SceneModel.swift */ = {isa = PBXFileReference; lastKnownFileType = sourcecode.swift; path = SceneModel.swift; sourceTree = "<group>"; };
		D8CA0EEF2B940BBB00DAE758 /* RefreshScheduler.swift */ = {isa = PBXFileReference; lastKnownFileType = sourcecode.swift; path = RefreshScheduler.swift; sourceTree = "<group>"; };
		D8CA0EF12B94110A00DAE758 /* TimeInterval.swift */ = {isa = PBXFileReference; lastKnownFileType = sourcecode.swift; path = TimeInterval.swift; sourceTree = "<group>"; };
		D8CA0EF32B9412C300DAE758 /* RequestsHigherFrequencyUpdates.swift */ = {isa = PBXFileReference; lastKnownFileType = sourcecode.swift; path = RequestsHigherFrequencyUpdates.swift; sourceTree = "<group>"; };
		D8CA0EF52B942BD900DAE758 /* WorkflowInstance.swift */ = {isa = PBXFileReference; lastKnownFileType = sourcecode.swift; path = WorkflowInstance.swift; sourceTree = "<group>"; };
		D8D3FAF92BB63F16001298CC /* FocusedSceneModel.swift */ = {isa = PBXFileReference; lastKnownFileType = sourcecode.swift; path = FocusedSceneModel.swift; sourceTree = "<group>"; };
		D8D3FAFB2BB64239001298CC /* InfoSheet.swift */ = {isa = PBXFileReference; lastKnownFileType = sourcecode.swift; path = InfoSheet.swift; sourceTree = "<group>"; };
		D8D413E828043FCD001BA6C0 /* WorkflowInstanceCell.swift */ = {isa = PBXFileReference; lastKnownFileType = sourcecode.swift; path = WorkflowInstanceCell.swift; sourceTree = "<group>"; };
		D8D413EA28044062001BA6C0 /* WorkflowsView.swift */ = {isa = PBXFileReference; lastKnownFileType = sourcecode.swift; path = WorkflowsView.swift; sourceTree = "<group>"; };
		D8D413EE280454AA001BA6C0 /* ApplicationModel.swift */ = {isa = PBXFileReference; lastKnownFileType = sourcecode.swift; path = ApplicationModel.swift; sourceTree = "<group>"; };
		D8D413F228045535001BA6C0 /* Action.swift */ = {isa = PBXFileReference; lastKnownFileType = sourcecode.swift; path = Action.swift; sourceTree = "<group>"; };
		D8D413F428045577001BA6C0 /* WorkflowResult.swift */ = {isa = PBXFileReference; lastKnownFileType = sourcecode.swift; path = WorkflowResult.swift; sourceTree = "<group>"; };
		D8D413F8280479B7001BA6C0 /* Configuration.swift */ = {isa = PBXFileReference; lastKnownFileType = sourcecode.swift; path = Configuration.swift; sourceTree = "<group>"; };
		D8D413FA28047AEE001BA6C0 /* configuration.json */ = {isa = PBXFileReference; lastKnownFileType = text.json; path = configuration.json; sourceTree = "<group>"; };
		D8D413FC28047B85001BA6C0 /* Bundle.swift */ = {isa = PBXFileReference; lastKnownFileType = sourcecode.swift; path = Bundle.swift; sourceTree = "<group>"; };
		D8DA9D802B96FFEC00C17DBC /* WorkflowsContentView.swift */ = {isa = PBXFileReference; lastKnownFileType = sourcecode.swift; path = WorkflowsContentView.swift; sourceTree = "<group>"; };
		D8DA9D822B97000F00C17DBC /* WorkflowsModel.swift */ = {isa = PBXFileReference; lastKnownFileType = sourcecode.swift; path = WorkflowsModel.swift; sourceTree = "<group>"; };
		D8DA9D842B97004900C17DBC /* WorkflowsWindow.swift */ = {isa = PBXFileReference; lastKnownFileType = sourcecode.swift; path = WorkflowsWindow.swift; sourceTree = "<group>"; };
		D8DA9D862B97007200C17DBC /* WorkflowsPicker.swift */ = {isa = PBXFileReference; lastKnownFileType = sourcecode.swift; path = WorkflowsPicker.swift; sourceTree = "<group>"; };
		D8DA9D882B97009900C17DBC /* WorkflowsPickerModel.swift */ = {isa = PBXFileReference; lastKnownFileType = sourcecode.swift; path = WorkflowsPickerModel.swift; sourceTree = "<group>"; };
		D8DA9D8A2B97011800C17DBC /* RepositoryDetails.swift */ = {isa = PBXFileReference; lastKnownFileType = sourcecode.swift; path = RepositoryDetails.swift; sourceTree = "<group>"; };
		D8EE7DD02B7F341800A3DCF0 /* Legal.swift */ = {isa = PBXFileReference; lastKnownFileType = sourcecode.swift; path = Legal.swift; sourceTree = "<group>"; };
		D8EE7DD22B7F3A2900A3DCF0 /* AboutButton.swift */ = {isa = PBXFileReference; lastKnownFileType = sourcecode.swift; path = AboutButton.swift; sourceTree = "<group>"; };
		D8F0CE0427F89A8100F4EC83 /* GitHubClient.swift */ = {isa = PBXFileReference; lastKnownFileType = sourcecode.swift; path = GitHubClient.swift; sourceTree = "<group>"; };
		D8FEAE0827F591AE00FDADFA /* Builds.app */ = {isa = PBXFileReference; explicitFileType = wrapper.application; includeInIndex = 0; path = Builds.app; sourceTree = BUILT_PRODUCTS_DIR; };
		D8FEAE0B27F591AE00FDADFA /* BuildsApp.swift */ = {isa = PBXFileReference; lastKnownFileType = sourcecode.swift; path = BuildsApp.swift; sourceTree = "<group>"; };
		D8FEAE0D27F591AE00FDADFA /* MainContentView.swift */ = {isa = PBXFileReference; lastKnownFileType = sourcecode.swift; path = MainContentView.swift; sourceTree = "<group>"; };
		D8FEAE0F27F591B200FDADFA /* Assets.xcassets */ = {isa = PBXFileReference; lastKnownFileType = folder.assetcatalog; path = Assets.xcassets; sourceTree = "<group>"; };
		D8FEAE1227F591B200FDADFA /* Preview Assets.xcassets */ = {isa = PBXFileReference; lastKnownFileType = folder.assetcatalog; path = "Preview Assets.xcassets"; sourceTree = "<group>"; };
		D8FEAE1827F591B200FDADFA /* BuildsTests.xctest */ = {isa = PBXFileReference; explicitFileType = wrapper.cfbundle; includeInIndex = 0; path = BuildsTests.xctest; sourceTree = BUILT_PRODUCTS_DIR; };
		D8FEAE1C27F591B200FDADFA /* BuildsTests.swift */ = {isa = PBXFileReference; lastKnownFileType = sourcecode.swift; path = BuildsTests.swift; sourceTree = "<group>"; };
		D8FEAE2227F591B200FDADFA /* BuildsUITests.xctest */ = {isa = PBXFileReference; explicitFileType = wrapper.cfbundle; includeInIndex = 0; path = BuildsUITests.xctest; sourceTree = BUILT_PRODUCTS_DIR; };
		D8FEAE2627F591B200FDADFA /* BuildsUITests.swift */ = {isa = PBXFileReference; lastKnownFileType = sourcecode.swift; path = BuildsUITests.swift; sourceTree = "<group>"; };
		D8FEAE2827F591B200FDADFA /* BuildsUITestsLaunchTests.swift */ = {isa = PBXFileReference; lastKnownFileType = sourcecode.swift; path = BuildsUITestsLaunchTests.swift; sourceTree = "<group>"; };
/* End PBXFileReference section */

/* Begin PBXFrameworksBuildPhase section */
		D8FEAE0527F591AE00FDADFA /* Frameworks */ = {
			isa = PBXFrameworksBuildPhase;
			buildActionMask = 2147483647;
			files = (
				D887C5D62BA0B48000E46174 /* SwiftDraw in Frameworks */,
				D8DDD5F12B65F910003FAB23 /* Interact in Frameworks */,
				D8DDD5F42B65FB11003FAB23 /* Diligence in Frameworks */,
				D826A57D2BA23228006D25FF /* SelectableCollectionView in Frameworks */,
			);
			runOnlyForDeploymentPostprocessing = 0;
		};
		D8FEAE1527F591B200FDADFA /* Frameworks */ = {
			isa = PBXFrameworksBuildPhase;
			buildActionMask = 2147483647;
			files = (
			);
			runOnlyForDeploymentPostprocessing = 0;
		};
		D8FEAE1F27F591B200FDADFA /* Frameworks */ = {
			isa = PBXFrameworksBuildPhase;
			buildActionMask = 2147483647;
			files = (
			);
			runOnlyForDeploymentPostprocessing = 0;
		};
/* End PBXFrameworksBuildPhase section */

/* Begin PBXGroup section */
		D81251B02B917EFC001F6E85 /* Scenes */ = {
			isa = PBXGroup;
			children = (
				D81251B92B929B27001F6E85 /* MainWindow.swift */,
				D85383542BB4EBB50013F267 /* SingleWindow.swift */,
				D86F53242BB50C7100C9A1AF /* InfoWindow.swift */,
				D8DA9D842B97004900C17DBC /* WorkflowsWindow.swift */,
			);
			path = Scenes;
			sourceTree = "<group>";
		};
		D81251BB2B92A38C001F6E85 /* Modifiers */ = {
			isa = PBXGroup;
			children = (
				D883F1B62B97FD6F00B00F1C /* Dismissable.swift */,
				D81251BC2B92A39C001F6E85 /* HandlesAuthentication.swift */,
				D850F4D82BAA4EA700CE1796 /* PresentsConfirmable.swift */,
				D87E0D3D2BB4E2EC00E94A59 /* PresentsURL.swift */,
				D8CA0EF32B9412C300DAE758 /* RequestsHigherFrequencyUpdates.swift */,
			);
			path = Modifiers;
			sourceTree = "<group>";
		};
		D8355DD027F674EB0091BAFD /* Extensions */ = {
			isa = PBXGroup;
			children = (
				D8D413FC28047B85001BA6C0 /* Bundle.swift */,
				D86F531D2BB5025100C9A1AF /* Calendar.swift */,
				D83929DA2BA367DD0022B4A3 /* Collection.swift */,
				D86F53202BB5026C00C9A1AF /* Date.swift */,
				D87390EF2BA134D400EFC8B8 /* EdgeInsets.swift */,
				D8CA0EF12B94110A00DAE758 /* TimeInterval.swift */,
				D8355DD127F674F20091BAFD /* URL.swift */,
			);
			path = Extensions;
			sourceTree = "<group>";
		};
		D86F53262BB5145100C9A1AF /* Environment */ = {
			isa = PBXGroup;
			children = (
				D86F53292BB5163100C9A1AF /* PresentURL.swift */,
				D86F53272BB514C000C9A1AF /* PresentURLAction.swift */,
			);
			path = Environment;
			sourceTree = "<group>";
		};
		D87390EC2BA12FD200EFC8B8 /* Styles */ = {
			isa = PBXGroup;
			children = (
				D87390ED2BA1301400EFC8B8 /* MenuButtonStyle.swift */,
			);
			path = Styles;
			sourceTree = "<group>";
		};
		D87F23722B65FFFA0085DC12 /* Licenses */ = {
			isa = PBXGroup;
			children = (
				D87F23732B6600150085DC12 /* material-icons-license */,
				D87F23752B66006F0085DC12 /* builds-license */,
				D887C5D92BA0B60400E46174 /* swiftdraw-license */,
			);
			path = Licenses;
			sourceTree = "<group>";
		};
		D887C5CE2BA0B32100E46174 /* Resources */ = {
			isa = PBXGroup;
			children = (
				D887C5CF2BA0B33800E46174 /* github-mark.svg */,
			);
			path = Resources;
			sourceTree = "<group>";
		};
		D887C5D12BA0B3E600E46174 /* Frameworks */ = {
			isa = PBXGroup;
			children = (
			);
			name = Frameworks;
			sourceTree = "<group>";
		};
		D89177192BA544FC0080B20C /* View Controller */ = {
			isa = PBXGroup;
			children = (
				D891771A2BA5452F0080B20C /* SummaryPanelViewController.swift */,
			);
			path = "View Controller";
			sourceTree = "<group>";
		};
		D891771C2BA545710080B20C /* Windows */ = {
			isa = PBXGroup;
			children = (
				D891771D2BA5457E0080B20C /* SummaryPanel.swift */,
			);
			path = Windows;
			sourceTree = "<group>";
		};
		D8CA0EE82B93D6F200DAE758 /* Commands */ = {
			isa = PBXGroup;
			children = (
				D8CA0EEB2B93E1E800DAE758 /* AccountCommands.swift */,
				D8CA0EE92B93D6FD00DAE758 /* LifecycleCommands.swift */,
				D85AC0DA2BAE540B003CAE8F /* SummaryCommands.swift */,
				D854FD842BB615D500DD31DD /* WorkflowCommands.swift */,
			);
			path = Commands;
			sourceTree = "<group>";
		};
		D8D413F1280454F0001BA6C0 /* Models */ = {
			isa = PBXGroup;
			children = (
				D8D413F228045535001BA6C0 /* Action.swift */,
				D8D413EE280454AA001BA6C0 /* ApplicationModel.swift */,
				D8D413F8280479B7001BA6C0 /* Configuration.swift */,
				D850F4DA2BAA709800CE1796 /* Confirmable.swift */,
				D850F4DC2BAA75F900CE1796 /* ConfirmableAction.swift */,
				D850F4D62BAA4E7B00CE1796 /* Confirmation.swift */,
				D8355DCE27F63B680091BAFD /* GitHub.swift */,
				D8F0CE0427F89A8100F4EC83 /* GitHubClient.swift */,
				D83DE3952BB218CB00234B01 /* HTTPStatusCode.swift */,
				D88208DA2BB23C030075E9B7 /* HTTPURLResponseError.swift */,
				D8EE7DD02B7F341800A3DCF0 /* Legal.swift */,
				D837E7EE2BB62CA000D39C25 /* OpenContext.swift */,
				D8CA0EEF2B940BBB00DAE758 /* RefreshScheduler.swift */,
				D8DA9D8A2B97011800C17DBC /* RepositoryDetails.swift */,
				D8CA0EED2B93E5A600DAE758 /* SceneModel.swift */,
				D883F1BA2B9803FD00B00F1C /* SectionIdentifier.swift */,
				D81251B52B918472001F6E85 /* SummaryState.swift */,
				D87E0D3F2BB4E52700E94A59 /* WorkflowInspectorModel.swift */,
				D8CA0EF52B942BD900DAE758 /* WorkflowInstance.swift */,
				D8D413F428045577001BA6C0 /* WorkflowResult.swift */,
				D8DA9D822B97000F00C17DBC /* WorkflowsModel.swift */,
				D8D3FAF92BB63F16001298CC /* FocusedSceneModel.swift */,
			);
			path = Models;
			sourceTree = "<group>";
		};
		D8F0CDFA27F7995700F4EC83 /* Views */ = {
			isa = PBXGroup;
			children = (
				D8EE7DD22B7F3A2900A3DCF0 /* AboutButton.swift */,
				D8ADD9902B9E9E5600D314F1 /* AnnotationList.swift */,
				D8C2FE172B9D61D00086A630 /* BranchPickerSheet.swift */,
				D8ADD98E2B9E9E2700D314F1 /* DetailsPopover.swift */,
				D86F53222BB5028900C9A1AF /* DurationView.swift */,
				D8D3FAFB2BB64239001298CC /* InfoSheet.swift */,
				D86A91462B9E5FF30008FF63 /* InfoView.swift */,
				D8FEAE0D27F591AE00FDADFA /* MainContentView.swift */,
				D866F24F280350BC00FC6EBB /* PhoneSettingsView.swift */,
				D86B1D2F2B9EA78000CA4E21 /* PopoverButton.swift */,
				D8A269B02BAA3B6800A0E19A /* ProgressSpinner.swift */,
				D887C5CB2BA0AAF700E46174 /* SafariWebView.swift */,
				D8800B622BB4B25800AD3BB7 /* SheetReader.swift */,
				D883F1B82B98019400B00F1C /* Sidebar.swift */,
				D8B49EE72BB76D4D0076E273 /* StatusButton.swift */,
				D887C5D72BA0B49600E46174 /* SVGImage.swift */,
				D8D413E828043FCD001BA6C0 /* WorkflowInstanceCell.swift */,
				D8ADD9922B9EA06800D314F1 /* WorkflowJobsList.swift */,
				D854FD862BB616EE00DD31DD /* WorkflowMenu.swift */,
				D8DA9D802B96FFEC00C17DBC /* WorkflowsContentView.swift */,
				D8DA9D862B97007200C17DBC /* WorkflowsPicker.swift */,
				D8DA9D882B97009900C17DBC /* WorkflowsPickerModel.swift */,
				D883F1BD2B98087700B00F1C /* WorkflowsSection.swift */,
				D8D413EA28044062001BA6C0 /* WorkflowsView.swift */,
			);
			path = Views;
			sourceTree = "<group>";
		};
		D8FEADFF27F591AE00FDADFA = {
			isa = PBXGroup;
			children = (
				D8D413FA28047AEE001BA6C0 /* configuration.json */,
				D8FEAE0A27F591AE00FDADFA /* Builds */,
				D8FEAE1B27F591B200FDADFA /* BuildsTests */,
				D8FEAE2527F591B200FDADFA /* BuildsUITests */,
				D8FEAE0927F591AE00FDADFA /* Products */,
				D887C5D12BA0B3E600E46174 /* Frameworks */,
			);
			sourceTree = "<group>";
		};
		D8FEAE0927F591AE00FDADFA /* Products */ = {
			isa = PBXGroup;
			children = (
				D8FEAE0827F591AE00FDADFA /* Builds.app */,
				D8FEAE1827F591B200FDADFA /* BuildsTests.xctest */,
				D8FEAE2227F591B200FDADFA /* BuildsUITests.xctest */,
			);
			name = Products;
			sourceTree = "<group>";
		};
		D8FEAE0A27F591AE00FDADFA /* Builds */ = {
			isa = PBXGroup;
			children = (
				D82E6E712BAB809200536E15 /* Scenes */,
				D8092EFF2B698E9F00FD21C8 /* Builds.entitlements */,
				D89E58172B65D2AA0027EB4E /* Info.plist */,
				D8FEAE0B27F591AE00FDADFA /* BuildsApp.swift */,
				D81251B72B929935001F6E85 /* BuildsError.swift */,
				D8FEAE0F27F591B200FDADFA /* Assets.xcassets */,
				D889F49B2BAE57BF004CFC50 /* PrivacyInfo.xcprivacy */,
				D883F1B42B97EC9E00B00F1C /* Localizable.xcstrings */,
				D8CA0EE82B93D6F200DAE758 /* Commands */,
				D86F53262BB5145100C9A1AF /* Environment */,
				D8355DD027F674EB0091BAFD /* Extensions */,
				D87F23722B65FFFA0085DC12 /* Licenses */,
				D8D413F1280454F0001BA6C0 /* Models */,
				D81251BB2B92A38C001F6E85 /* Modifiers */,
				D8FEAE1127F591B200FDADFA /* Preview Content */,
				D887C5CE2BA0B32100E46174 /* Resources */,
				D81251B02B917EFC001F6E85 /* Scenes */,
				D87390EC2BA12FD200EFC8B8 /* Styles */,
				D89177192BA544FC0080B20C /* View Controller */,
				D8F0CDFA27F7995700F4EC83 /* Views */,
				D891771C2BA545710080B20C /* Windows */,
			);
			path = Builds;
			sourceTree = "<group>";
		};
		D8FEAE1127F591B200FDADFA /* Preview Content */ = {
			isa = PBXGroup;
			children = (
				D8FEAE1227F591B200FDADFA /* Preview Assets.xcassets */,
			);
			path = "Preview Content";
			sourceTree = "<group>";
		};
		D8FEAE1B27F591B200FDADFA /* BuildsTests */ = {
			isa = PBXGroup;
			children = (
				D8FEAE1C27F591B200FDADFA /* BuildsTests.swift */,
			);
			path = BuildsTests;
			sourceTree = "<group>";
		};
		D8FEAE2527F591B200FDADFA /* BuildsUITests */ = {
			isa = PBXGroup;
			children = (
				D8FEAE2627F591B200FDADFA /* BuildsUITests.swift */,
				D8FEAE2827F591B200FDADFA /* BuildsUITestsLaunchTests.swift */,
			);
			path = BuildsUITests;
			sourceTree = "<group>";
		};
/* End PBXGroup section */

/* Begin PBXNativeTarget section */
		D8FEAE0727F591AE00FDADFA /* Builds */ = {
			isa = PBXNativeTarget;
			buildConfigurationList = D8FEAE2C27F591B200FDADFA /* Build configuration list for PBXNativeTarget "Builds" */;
			buildPhases = (
				D8FEAE0427F591AE00FDADFA /* Sources */,
				D8FEAE0527F591AE00FDADFA /* Frameworks */,
				D8FEAE0627F591AE00FDADFA /* Resources */,
			);
			buildRules = (
			);
			dependencies = (
			);
			name = Builds;
			packageProductDependencies = (
				D8DDD5F02B65F910003FAB23 /* Interact */,
				D8DDD5F32B65FB11003FAB23 /* Diligence */,
				D887C5D52BA0B48000E46174 /* SwiftDraw */,
				D826A57C2BA23228006D25FF /* SelectableCollectionView */,
			);
			productName = Status;
			productReference = D8FEAE0827F591AE00FDADFA /* Builds.app */;
			productType = "com.apple.product-type.application";
		};
		D8FEAE1727F591B200FDADFA /* BuildsTests */ = {
			isa = PBXNativeTarget;
			buildConfigurationList = D8FEAE2F27F591B200FDADFA /* Build configuration list for PBXNativeTarget "BuildsTests" */;
			buildPhases = (
				D8FEAE1427F591B200FDADFA /* Sources */,
				D8FEAE1527F591B200FDADFA /* Frameworks */,
				D8FEAE1627F591B200FDADFA /* Resources */,
			);
			buildRules = (
			);
			dependencies = (
				D8FEAE1A27F591B200FDADFA /* PBXTargetDependency */,
			);
			name = BuildsTests;
			productName = StatusTests;
			productReference = D8FEAE1827F591B200FDADFA /* BuildsTests.xctest */;
			productType = "com.apple.product-type.bundle.unit-test";
		};
		D8FEAE2127F591B200FDADFA /* BuildsUITests */ = {
			isa = PBXNativeTarget;
			buildConfigurationList = D8FEAE3227F591B200FDADFA /* Build configuration list for PBXNativeTarget "BuildsUITests" */;
			buildPhases = (
				D8FEAE1E27F591B200FDADFA /* Sources */,
				D8FEAE1F27F591B200FDADFA /* Frameworks */,
				D8FEAE2027F591B200FDADFA /* Resources */,
			);
			buildRules = (
			);
			dependencies = (
				D8FEAE2427F591B200FDADFA /* PBXTargetDependency */,
			);
			name = BuildsUITests;
			productName = StatusUITests;
			productReference = D8FEAE2227F591B200FDADFA /* BuildsUITests.xctest */;
			productType = "com.apple.product-type.bundle.ui-testing";
		};
/* End PBXNativeTarget section */

/* Begin PBXProject section */
		D8FEAE0027F591AE00FDADFA /* Project object */ = {
			isa = PBXProject;
			attributes = {
				BuildIndependentTargetsInParallel = 1;
				LastSwiftUpdateCheck = 1330;
				LastUpgradeCheck = 1530;
				TargetAttributes = {
					D8FEAE0727F591AE00FDADFA = {
						CreatedOnToolsVersion = 13.3;
					};
					D8FEAE1727F591B200FDADFA = {
						CreatedOnToolsVersion = 13.3;
						TestTargetID = D8FEAE0727F591AE00FDADFA;
					};
					D8FEAE2127F591B200FDADFA = {
						CreatedOnToolsVersion = 13.3;
						TestTargetID = D8FEAE0727F591AE00FDADFA;
					};
				};
			};
			buildConfigurationList = D8FEAE0327F591AE00FDADFA /* Build configuration list for PBXProject "Builds" */;
			compatibilityVersion = "Xcode 13.0";
			developmentRegion = en;
			hasScannedForEncodings = 0;
			knownRegions = (
				en,
				Base,
			);
			mainGroup = D8FEADFF27F591AE00FDADFA;
			packageReferences = (
				D8DDD5EF2B65F910003FAB23 /* XCLocalSwiftPackageReference "interact" */,
				D8DDD5F22B65FB11003FAB23 /* XCLocalSwiftPackageReference "diligence" */,
				D887C5D42BA0B46D00E46174 /* XCRemoteSwiftPackageReference "SwiftDraw" */,
				D826A57B2BA23228006D25FF /* XCLocalSwiftPackageReference "SelectableCollectionView" */,
			);
			productRefGroup = D8FEAE0927F591AE00FDADFA /* Products */;
			projectDirPath = "";
			projectRoot = "";
			targets = (
				D8FEAE0727F591AE00FDADFA /* Builds */,
				D8FEAE1727F591B200FDADFA /* BuildsTests */,
				D8FEAE2127F591B200FDADFA /* BuildsUITests */,
			);
		};
/* End PBXProject section */

/* Begin PBXResourcesBuildPhase section */
		D8FEAE0627F591AE00FDADFA /* Resources */ = {
			isa = PBXResourcesBuildPhase;
			buildActionMask = 2147483647;
			files = (
				D8FEAE1327F591B200FDADFA /* Preview Assets.xcassets in Resources */,
				D8D413FB28047AEE001BA6C0 /* configuration.json in Resources */,
				D883F1B52B97EC9E00B00F1C /* Localizable.xcstrings in Resources */,
				D82E6E722BAB809300536E15 /* Scenes in Resources */,
				D87F23762B66006F0085DC12 /* builds-license in Resources */,
				D887C5DA2BA0B60400E46174 /* swiftdraw-license in Resources */,
				D87F23742B6600150085DC12 /* material-icons-license in Resources */,
				D8FEAE1027F591B200FDADFA /* Assets.xcassets in Resources */,
				D889F49C2BAE58EF004CFC50 /* PrivacyInfo.xcprivacy in Resources */,
				D887C5D02BA0B33800E46174 /* github-mark.svg in Resources */,
			);
			runOnlyForDeploymentPostprocessing = 0;
		};
		D8FEAE1627F591B200FDADFA /* Resources */ = {
			isa = PBXResourcesBuildPhase;
			buildActionMask = 2147483647;
			files = (
			);
			runOnlyForDeploymentPostprocessing = 0;
		};
		D8FEAE2027F591B200FDADFA /* Resources */ = {
			isa = PBXResourcesBuildPhase;
			buildActionMask = 2147483647;
			files = (
			);
			runOnlyForDeploymentPostprocessing = 0;
		};
/* End PBXResourcesBuildPhase section */

/* Begin PBXSourcesBuildPhase section */
		D8FEAE0427F591AE00FDADFA /* Sources */ = {
			isa = PBXSourcesBuildPhase;
			buildActionMask = 2147483647;
			files = (
				D8355DD227F674F20091BAFD /* URL.swift in Sources */,
				D837E7EF2BB62CA000D39C25 /* OpenContext.swift in Sources */,
				D8CA0EF02B940BBB00DAE758 /* RefreshScheduler.swift in Sources */,
				D850F4D72BAA4E7B00CE1796 /* Confirmation.swift in Sources */,
				D8D413F328045535001BA6C0 /* Action.swift in Sources */,
				D87390EE2BA1301400EFC8B8 /* MenuButtonStyle.swift in Sources */,
				D8DA9D832B97000F00C17DBC /* WorkflowsModel.swift in Sources */,
				D86A91472B9E5FF30008FF63 /* InfoView.swift in Sources */,
				D8DA9D8B2B97011800C17DBC /* RepositoryDetails.swift in Sources */,
				D8CA0EEE2B93E5A600DAE758 /* SceneModel.swift in Sources */,
				D8D3FAFA2BB63F16001298CC /* FocusedSceneModel.swift in Sources */,
				D86F531E2BB5025100C9A1AF /* Calendar.swift in Sources */,
				D8ADD98F2B9E9E2700D314F1 /* DetailsPopover.swift in Sources */,
				D8D413EB28044062001BA6C0 /* WorkflowsView.swift in Sources */,
				D8D413E928043FCD001BA6C0 /* WorkflowInstanceCell.swift in Sources */,
				D850F4DD2BAA75F900CE1796 /* ConfirmableAction.swift in Sources */,
				D8CA0EEA2B93D6FD00DAE758 /* LifecycleCommands.swift in Sources */,
				D883F1B72B97FD6F00B00F1C /* Dismissable.swift in Sources */,
				D87E0D3E2BB4E2EC00E94A59 /* PresentsURL.swift in Sources */,
				D8CA0EF62B942BD900DAE758 /* WorkflowInstance.swift in Sources */,
				D8DA9D872B97007200C17DBC /* WorkflowsPicker.swift in Sources */,
				D86F53212BB5026C00C9A1AF /* Date.swift in Sources */,
				D8D413F528045577001BA6C0 /* WorkflowResult.swift in Sources */,
				D81251B62B918472001F6E85 /* SummaryState.swift in Sources */,
				D8EE7DD32B7F3A2900A3DCF0 /* AboutButton.swift in Sources */,
				D86F53252BB50C7100C9A1AF /* InfoWindow.swift in Sources */,
				D85383552BB4EBB50013F267 /* SingleWindow.swift in Sources */,
				D83DE3962BB218CB00234B01 /* HTTPStatusCode.swift in Sources */,
				D8FEAE0E27F591AE00FDADFA /* MainContentView.swift in Sources */,
				D8D413F9280479B7001BA6C0 /* Configuration.swift in Sources */,
				D8EE7DD12B7F341800A3DCF0 /* Legal.swift in Sources */,
				D883F1BE2B98087700B00F1C /* WorkflowsSection.swift in Sources */,
				D8DA9D852B97004900C17DBC /* WorkflowsWindow.swift in Sources */,
				D86F53232BB5028900C9A1AF /* DurationView.swift in Sources */,
				D8D3FAFC2BB64239001298CC /* InfoSheet.swift in Sources */,
				D8F0CE0527F89A8100F4EC83 /* GitHubClient.swift in Sources */,
				D8800B632BB4B25800AD3BB7 /* SheetReader.swift in Sources */,
				D8FEAE0C27F591AE00FDADFA /* BuildsApp.swift in Sources */,
				D81251BD2B92A39C001F6E85 /* HandlesAuthentication.swift in Sources */,
				D887C5CC2BA0AAF700E46174 /* SafariWebView.swift in Sources */,
				D8ADD9912B9E9E5600D314F1 /* AnnotationList.swift in Sources */,
				D87390F02BA134D400EFC8B8 /* EdgeInsets.swift in Sources */,
				D850F4DB2BAA709800CE1796 /* Confirmable.swift in Sources */,
				D866F250280350BC00FC6EBB /* PhoneSettingsView.swift in Sources */,
				D8355DCF27F63B680091BAFD /* GitHub.swift in Sources */,
				D854FD852BB615D500DD31DD /* WorkflowCommands.swift in Sources */,
				D8CA0EF22B94110A00DAE758 /* TimeInterval.swift in Sources */,
				D8B49EE82BB76D4D0076E273 /* StatusButton.swift in Sources */,
				D86B1D302B9EA78000CA4E21 /* PopoverButton.swift in Sources */,
				D8C2FE182B9D61D00086A630 /* BranchPickerSheet.swift in Sources */,
				D8D413FD28047B85001BA6C0 /* Bundle.swift in Sources */,
				D887C5D82BA0B49600E46174 /* SVGImage.swift in Sources */,
				D8DA9D812B96FFEC00C17DBC /* WorkflowsContentView.swift in Sources */,
				D88208DB2BB23C030075E9B7 /* HTTPURLResponseError.swift in Sources */,
				D8CA0EF42B9412C300DAE758 /* RequestsHigherFrequencyUpdates.swift in Sources */,
				D86F532A2BB5163100C9A1AF /* PresentURL.swift in Sources */,
				D854FD872BB616EE00DD31DD /* WorkflowMenu.swift in Sources */,
				D83929DB2BA367DD0022B4A3 /* Collection.swift in Sources */,
				D8DA9D892B97009900C17DBC /* WorkflowsPickerModel.swift in Sources */,
				D883F1B92B98019400B00F1C /* Sidebar.swift in Sources */,
				D8D413EF280454AA001BA6C0 /* ApplicationModel.swift in Sources */,
				D81251BA2B929B27001F6E85 /* MainWindow.swift in Sources */,
				D883F1BB2B9803FD00B00F1C /* SectionIdentifier.swift in Sources */,
				D86F53282BB514C000C9A1AF /* PresentURLAction.swift in Sources */,
				D891771E2BA5457E0080B20C /* SummaryPanel.swift in Sources */,
				D85AC0DB2BAE540B003CAE8F /* SummaryCommands.swift in Sources */,
				D8CA0EEC2B93E1E800DAE758 /* AccountCommands.swift in Sources */,
				D8A269B12BAA3B6800A0E19A /* ProgressSpinner.swift in Sources */,
				D850F4D92BAA4EA700CE1796 /* PresentsConfirmable.swift in Sources */,
				D891771B2BA5452F0080B20C /* SummaryPanelViewController.swift in Sources */,
				D81251B82B929935001F6E85 /* BuildsError.swift in Sources */,
				D8ADD9932B9EA06800D314F1 /* WorkflowJobsList.swift in Sources */,
				D87E0D402BB4E52700E94A59 /* WorkflowInspectorModel.swift in Sources */,
			);
			runOnlyForDeploymentPostprocessing = 0;
		};
		D8FEAE1427F591B200FDADFA /* Sources */ = {
			isa = PBXSourcesBuildPhase;
			buildActionMask = 2147483647;
			files = (
				D8FEAE1D27F591B200FDADFA /* BuildsTests.swift in Sources */,
			);
			runOnlyForDeploymentPostprocessing = 0;
		};
		D8FEAE1E27F591B200FDADFA /* Sources */ = {
			isa = PBXSourcesBuildPhase;
			buildActionMask = 2147483647;
			files = (
				D8FEAE2927F591B200FDADFA /* BuildsUITestsLaunchTests.swift in Sources */,
				D8FEAE2727F591B200FDADFA /* BuildsUITests.swift in Sources */,
			);
			runOnlyForDeploymentPostprocessing = 0;
		};
/* End PBXSourcesBuildPhase section */

/* Begin PBXTargetDependency section */
		D8FEAE1A27F591B200FDADFA /* PBXTargetDependency */ = {
			isa = PBXTargetDependency;
			target = D8FEAE0727F591AE00FDADFA /* Builds */;
			targetProxy = D8FEAE1927F591B200FDADFA /* PBXContainerItemProxy */;
		};
		D8FEAE2427F591B200FDADFA /* PBXTargetDependency */ = {
			isa = PBXTargetDependency;
			target = D8FEAE0727F591AE00FDADFA /* Builds */;
			targetProxy = D8FEAE2327F591B200FDADFA /* PBXContainerItemProxy */;
		};
/* End PBXTargetDependency section */

/* Begin XCBuildConfiguration section */
		D8FEAE2A27F591B200FDADFA /* Debug */ = {
			isa = XCBuildConfiguration;
			buildSettings = {
				ALWAYS_SEARCH_USER_PATHS = NO;
				ASSETCATALOG_COMPILER_GENERATE_SWIFT_ASSET_SYMBOL_EXTENSIONS = YES;
				CLANG_ANALYZER_NONNULL = YES;
				CLANG_ANALYZER_NUMBER_OBJECT_CONVERSION = YES_AGGRESSIVE;
				CLANG_CXX_LANGUAGE_STANDARD = "gnu++17";
				CLANG_ENABLE_MODULES = YES;
				CLANG_ENABLE_OBJC_ARC = YES;
				CLANG_ENABLE_OBJC_WEAK = YES;
				CLANG_WARN_BLOCK_CAPTURE_AUTORELEASING = YES;
				CLANG_WARN_BOOL_CONVERSION = YES;
				CLANG_WARN_COMMA = YES;
				CLANG_WARN_CONSTANT_CONVERSION = YES;
				CLANG_WARN_DEPRECATED_OBJC_IMPLEMENTATIONS = YES;
				CLANG_WARN_DIRECT_OBJC_ISA_USAGE = YES_ERROR;
				CLANG_WARN_DOCUMENTATION_COMMENTS = YES;
				CLANG_WARN_EMPTY_BODY = YES;
				CLANG_WARN_ENUM_CONVERSION = YES;
				CLANG_WARN_INFINITE_RECURSION = YES;
				CLANG_WARN_INT_CONVERSION = YES;
				CLANG_WARN_NON_LITERAL_NULL_CONVERSION = YES;
				CLANG_WARN_OBJC_IMPLICIT_RETAIN_SELF = YES;
				CLANG_WARN_OBJC_LITERAL_CONVERSION = YES;
				CLANG_WARN_OBJC_ROOT_CLASS = YES_ERROR;
				CLANG_WARN_QUOTED_INCLUDE_IN_FRAMEWORK_HEADER = YES;
				CLANG_WARN_RANGE_LOOP_ANALYSIS = YES;
				CLANG_WARN_STRICT_PROTOTYPES = YES;
				CLANG_WARN_SUSPICIOUS_MOVE = YES;
				CLANG_WARN_UNGUARDED_AVAILABILITY = YES_AGGRESSIVE;
				CLANG_WARN_UNREACHABLE_CODE = YES;
				CLANG_WARN__DUPLICATE_METHOD_MATCH = YES;
				COPY_PHASE_STRIP = NO;
				DEBUG_INFORMATION_FORMAT = dwarf;
				ENABLE_STRICT_OBJC_MSGSEND = YES;
				ENABLE_TESTABILITY = YES;
				ENABLE_USER_SCRIPT_SANDBOXING = YES;
				GCC_C_LANGUAGE_STANDARD = gnu11;
				GCC_DYNAMIC_NO_PIC = NO;
				GCC_NO_COMMON_BLOCKS = YES;
				GCC_OPTIMIZATION_LEVEL = 0;
				GCC_PREPROCESSOR_DEFINITIONS = (
					"DEBUG=1",
					"$(inherited)",
				);
				GCC_WARN_64_TO_32_BIT_CONVERSION = YES;
				GCC_WARN_ABOUT_RETURN_TYPE = YES_ERROR;
				GCC_WARN_UNDECLARED_SELECTOR = YES;
				GCC_WARN_UNINITIALIZED_AUTOS = YES_AGGRESSIVE;
				GCC_WARN_UNUSED_FUNCTION = YES;
				GCC_WARN_UNUSED_VARIABLE = YES;
				IPHONEOS_DEPLOYMENT_TARGET = 17.0;
				MACOSX_DEPLOYMENT_TARGET = 14.0;
				MTL_ENABLE_DEBUG_INFO = INCLUDE_SOURCE;
				MTL_FAST_MATH = YES;
				ONLY_ACTIVE_ARCH = YES;
				SDKROOT = iphoneos;
				SWIFT_ACTIVE_COMPILATION_CONDITIONS = DEBUG;
				SWIFT_OPTIMIZATION_LEVEL = "-Onone";
			};
			name = Debug;
		};
		D8FEAE2B27F591B200FDADFA /* Release */ = {
			isa = XCBuildConfiguration;
			buildSettings = {
				ALWAYS_SEARCH_USER_PATHS = NO;
				ASSETCATALOG_COMPILER_GENERATE_SWIFT_ASSET_SYMBOL_EXTENSIONS = YES;
				CLANG_ANALYZER_NONNULL = YES;
				CLANG_ANALYZER_NUMBER_OBJECT_CONVERSION = YES_AGGRESSIVE;
				CLANG_CXX_LANGUAGE_STANDARD = "gnu++17";
				CLANG_ENABLE_MODULES = YES;
				CLANG_ENABLE_OBJC_ARC = YES;
				CLANG_ENABLE_OBJC_WEAK = YES;
				CLANG_WARN_BLOCK_CAPTURE_AUTORELEASING = YES;
				CLANG_WARN_BOOL_CONVERSION = YES;
				CLANG_WARN_COMMA = YES;
				CLANG_WARN_CONSTANT_CONVERSION = YES;
				CLANG_WARN_DEPRECATED_OBJC_IMPLEMENTATIONS = YES;
				CLANG_WARN_DIRECT_OBJC_ISA_USAGE = YES_ERROR;
				CLANG_WARN_DOCUMENTATION_COMMENTS = YES;
				CLANG_WARN_EMPTY_BODY = YES;
				CLANG_WARN_ENUM_CONVERSION = YES;
				CLANG_WARN_INFINITE_RECURSION = YES;
				CLANG_WARN_INT_CONVERSION = YES;
				CLANG_WARN_NON_LITERAL_NULL_CONVERSION = YES;
				CLANG_WARN_OBJC_IMPLICIT_RETAIN_SELF = YES;
				CLANG_WARN_OBJC_LITERAL_CONVERSION = YES;
				CLANG_WARN_OBJC_ROOT_CLASS = YES_ERROR;
				CLANG_WARN_QUOTED_INCLUDE_IN_FRAMEWORK_HEADER = YES;
				CLANG_WARN_RANGE_LOOP_ANALYSIS = YES;
				CLANG_WARN_STRICT_PROTOTYPES = YES;
				CLANG_WARN_SUSPICIOUS_MOVE = YES;
				CLANG_WARN_UNGUARDED_AVAILABILITY = YES_AGGRESSIVE;
				CLANG_WARN_UNREACHABLE_CODE = YES;
				CLANG_WARN__DUPLICATE_METHOD_MATCH = YES;
				COPY_PHASE_STRIP = NO;
				DEBUG_INFORMATION_FORMAT = "dwarf-with-dsym";
				ENABLE_NS_ASSERTIONS = NO;
				ENABLE_STRICT_OBJC_MSGSEND = YES;
				ENABLE_USER_SCRIPT_SANDBOXING = YES;
				GCC_C_LANGUAGE_STANDARD = gnu11;
				GCC_NO_COMMON_BLOCKS = YES;
				GCC_WARN_64_TO_32_BIT_CONVERSION = YES;
				GCC_WARN_ABOUT_RETURN_TYPE = YES_ERROR;
				GCC_WARN_UNDECLARED_SELECTOR = YES;
				GCC_WARN_UNINITIALIZED_AUTOS = YES_AGGRESSIVE;
				GCC_WARN_UNUSED_FUNCTION = YES;
				GCC_WARN_UNUSED_VARIABLE = YES;
				IPHONEOS_DEPLOYMENT_TARGET = 17.0;
				MACOSX_DEPLOYMENT_TARGET = 14.0;
				MTL_ENABLE_DEBUG_INFO = NO;
				MTL_FAST_MATH = YES;
				SDKROOT = iphoneos;
				SWIFT_COMPILATION_MODE = wholemodule;
				SWIFT_OPTIMIZATION_LEVEL = "-O";
				VALIDATE_PRODUCT = YES;
			};
			name = Release;
		};
		D8FEAE2D27F591B200FDADFA /* Debug */ = {
			isa = XCBuildConfiguration;
			buildSettings = {
				ASSETCATALOG_COMPILER_APPICON_NAME = AppIcon;
				ASSETCATALOG_COMPILER_GLOBAL_ACCENT_COLOR_NAME = AccentColor;
				CODE_SIGN_ENTITLEMENTS = Builds/Builds.entitlements;
				CODE_SIGN_IDENTITY = "Apple Development";
				CODE_SIGN_STYLE = Automatic;
				CURRENT_PROJECT_VERSION = 1;
				DEVELOPMENT_ASSET_PATHS = "Builds/Preview\\ Content builds-resources/Scenes";
				DEVELOPMENT_TEAM = QS82QFHKWB;
				ENABLE_PREVIEWS = YES;
				GENERATE_INFOPLIST_FILE = YES;
				INFOPLIST_FILE = Builds/Info.plist;
				INFOPLIST_KEY_LSApplicationCategoryType = "public.app-category.developer-tools";
				INFOPLIST_KEY_UIApplicationSupportsIndirectInputEvents = YES;
				INFOPLIST_KEY_UILaunchScreen_Generation = YES;
				INFOPLIST_KEY_UISupportedInterfaceOrientations_iPad = "UIInterfaceOrientationPortrait UIInterfaceOrientationPortraitUpsideDown UIInterfaceOrientationLandscapeLeft UIInterfaceOrientationLandscapeRight";
				INFOPLIST_KEY_UISupportedInterfaceOrientations_iPhone = "UIInterfaceOrientationPortrait UIInterfaceOrientationLandscapeLeft UIInterfaceOrientationLandscapeRight";
				LD_RUNPATH_SEARCH_PATHS = (
					"$(inherited)",
					"@executable_path/Frameworks",
				);
				MARKETING_VERSION = 1.0;
				PRODUCT_BUNDLE_IDENTIFIER = uk.co.jbmorley.builds.apps.appstore;
				PRODUCT_NAME = Builds;
				PROVISIONING_PROFILE_SPECIFIER = "";
				SUPPORTED_PLATFORMS = "iphoneos iphonesimulator macosx";
				SUPPORTS_MACCATALYST = NO;
				SUPPORTS_MAC_DESIGNED_FOR_IPHONE_IPAD = NO;
				SWIFT_EMIT_LOC_STRINGS = YES;
				SWIFT_VERSION = 5.0;
				TARGETED_DEVICE_FAMILY = "1,2";
			};
			name = Debug;
		};
		D8FEAE2E27F591B200FDADFA /* Release */ = {
			isa = XCBuildConfiguration;
			buildSettings = {
				ASSETCATALOG_COMPILER_APPICON_NAME = AppIcon;
				ASSETCATALOG_COMPILER_GLOBAL_ACCENT_COLOR_NAME = AccentColor;
				CODE_SIGN_ENTITLEMENTS = Builds/Builds.entitlements;
				"CODE_SIGN_IDENTITY[sdk=iphoneos*]" = "iPhone Distribution";
				"CODE_SIGN_IDENTITY[sdk=macosx*]" = "3rd Party Mac Developer Application";
				CODE_SIGN_STYLE = Manual;
				CURRENT_PROJECT_VERSION = 1;
				DEVELOPMENT_ASSET_PATHS = "Builds/Preview\\ Content builds-resources/Scenes";
				DEVELOPMENT_TEAM = "";
				"DEVELOPMENT_TEAM[sdk=iphoneos*]" = QS82QFHKWB;
				"DEVELOPMENT_TEAM[sdk=macosx*]" = QS82QFHKWB;
				ENABLE_PREVIEWS = YES;
				GENERATE_INFOPLIST_FILE = YES;
				INFOPLIST_FILE = Builds/Info.plist;
				INFOPLIST_KEY_LSApplicationCategoryType = "public.app-category.developer-tools";
				INFOPLIST_KEY_UIApplicationSupportsIndirectInputEvents = YES;
				INFOPLIST_KEY_UILaunchScreen_Generation = YES;
				INFOPLIST_KEY_UISupportedInterfaceOrientations_iPad = "UIInterfaceOrientationPortrait UIInterfaceOrientationPortraitUpsideDown UIInterfaceOrientationLandscapeLeft UIInterfaceOrientationLandscapeRight";
				INFOPLIST_KEY_UISupportedInterfaceOrientations_iPhone = "UIInterfaceOrientationPortrait UIInterfaceOrientationLandscapeLeft UIInterfaceOrientationLandscapeRight";
				LD_RUNPATH_SEARCH_PATHS = (
					"$(inherited)",
					"@executable_path/Frameworks",
				);
				MARKETING_VERSION = 1.0;
				PRODUCT_BUNDLE_IDENTIFIER = uk.co.jbmorley.builds.apps.appstore;
				PRODUCT_NAME = Builds;
				PROVISIONING_PROFILE_SPECIFIER = "";
				"PROVISIONING_PROFILE_SPECIFIER[sdk=iphoneos*]" = "Builds App Store Profile";
				"PROVISIONING_PROFILE_SPECIFIER[sdk=macosx*]" = "Builds Mac App Store Profile";
				SUPPORTED_PLATFORMS = "iphoneos iphonesimulator macosx";
				SUPPORTS_MACCATALYST = NO;
				SUPPORTS_MAC_DESIGNED_FOR_IPHONE_IPAD = NO;
				SWIFT_EMIT_LOC_STRINGS = YES;
				SWIFT_VERSION = 5.0;
				TARGETED_DEVICE_FAMILY = "1,2";
			};
			name = Release;
		};
		D8FEAE3027F591B200FDADFA /* Debug */ = {
			isa = XCBuildConfiguration;
			buildSettings = {
				ALWAYS_EMBED_SWIFT_STANDARD_LIBRARIES = YES;
				BUNDLE_LOADER = "$(TEST_HOST)";
				CODE_SIGN_STYLE = Automatic;
				CURRENT_PROJECT_VERSION = 1;
				DEVELOPMENT_TEAM = QS82QFHKWB;
				GENERATE_INFOPLIST_FILE = YES;
				IPHONEOS_DEPLOYMENT_TARGET = 17.0;
				MARKETING_VERSION = 1.0;
				PRODUCT_BUNDLE_IDENTIFIER = uk.co.jbmorley.builds.apps.appstore.tests;
				PRODUCT_NAME = "$(TARGET_NAME)";
				SUPPORTED_PLATFORMS = "iphoneos iphonesimulator macosx";
				SUPPORTS_MACCATALYST = NO;
				SUPPORTS_MAC_DESIGNED_FOR_IPHONE_IPAD = NO;
				SWIFT_EMIT_LOC_STRINGS = NO;
				SWIFT_VERSION = 5.0;
				TARGETED_DEVICE_FAMILY = "1,2";
				TEST_HOST = "$(BUILT_PRODUCTS_DIR)/Builds.app/Builds";
			};
			name = Debug;
		};
		D8FEAE3127F591B200FDADFA /* Release */ = {
			isa = XCBuildConfiguration;
			buildSettings = {
				ALWAYS_EMBED_SWIFT_STANDARD_LIBRARIES = YES;
				BUNDLE_LOADER = "$(TEST_HOST)";
				CODE_SIGN_STYLE = Automatic;
				CURRENT_PROJECT_VERSION = 1;
				DEVELOPMENT_TEAM = S4WXAUZQEV;
				GENERATE_INFOPLIST_FILE = YES;
				IPHONEOS_DEPLOYMENT_TARGET = 17.0;
				MARKETING_VERSION = 1.0;
				PRODUCT_BUNDLE_IDENTIFIER = uk.co.jbmorley.builds.apps.appstore.tests;
				PRODUCT_NAME = "$(TARGET_NAME)";
				SUPPORTED_PLATFORMS = "iphoneos iphonesimulator macosx";
				SUPPORTS_MACCATALYST = NO;
				SUPPORTS_MAC_DESIGNED_FOR_IPHONE_IPAD = NO;
				SWIFT_EMIT_LOC_STRINGS = NO;
				SWIFT_VERSION = 5.0;
				TARGETED_DEVICE_FAMILY = "1,2";
				TEST_HOST = "$(BUILT_PRODUCTS_DIR)/Builds.app/Builds";
			};
			name = Release;
		};
		D8FEAE3327F591B200FDADFA /* Debug */ = {
			isa = XCBuildConfiguration;
			buildSettings = {
				ALWAYS_EMBED_SWIFT_STANDARD_LIBRARIES = YES;
				CODE_SIGN_STYLE = Automatic;
				CURRENT_PROJECT_VERSION = 1;
				DEVELOPMENT_TEAM = QS82QFHKWB;
				GENERATE_INFOPLIST_FILE = YES;
				MARKETING_VERSION = 1.0;
				PRODUCT_BUNDLE_IDENTIFIER = uk.co.jbmorley.builds.apps.appstore.uitests;
				PRODUCT_NAME = "$(TARGET_NAME)";
				SUPPORTED_PLATFORMS = "iphoneos iphonesimulator macosx";
				SUPPORTS_MACCATALYST = NO;
				SUPPORTS_MAC_DESIGNED_FOR_IPHONE_IPAD = NO;
				SWIFT_EMIT_LOC_STRINGS = NO;
				SWIFT_VERSION = 5.0;
				TARGETED_DEVICE_FAMILY = "1,2";
				TEST_TARGET_NAME = Status;
			};
			name = Debug;
		};
		D8FEAE3427F591B200FDADFA /* Release */ = {
			isa = XCBuildConfiguration;
			buildSettings = {
				ALWAYS_EMBED_SWIFT_STANDARD_LIBRARIES = YES;
				CODE_SIGN_STYLE = Automatic;
				CURRENT_PROJECT_VERSION = 1;
				DEVELOPMENT_TEAM = S4WXAUZQEV;
				GENERATE_INFOPLIST_FILE = YES;
				MARKETING_VERSION = 1.0;
				PRODUCT_BUNDLE_IDENTIFIER = uk.co.jbmorley.builds.apps.appstore.uitests;
				PRODUCT_NAME = "$(TARGET_NAME)";
				SUPPORTED_PLATFORMS = "iphoneos iphonesimulator macosx";
				SUPPORTS_MACCATALYST = NO;
				SUPPORTS_MAC_DESIGNED_FOR_IPHONE_IPAD = NO;
				SWIFT_EMIT_LOC_STRINGS = NO;
				SWIFT_VERSION = 5.0;
				TARGETED_DEVICE_FAMILY = "1,2";
				TEST_TARGET_NAME = Status;
			};
			name = Release;
		};
/* End XCBuildConfiguration section */

/* Begin XCConfigurationList section */
		D8FEAE0327F591AE00FDADFA /* Build configuration list for PBXProject "Builds" */ = {
			isa = XCConfigurationList;
			buildConfigurations = (
				D8FEAE2A27F591B200FDADFA /* Debug */,
				D8FEAE2B27F591B200FDADFA /* Release */,
			);
			defaultConfigurationIsVisible = 0;
			defaultConfigurationName = Release;
		};
		D8FEAE2C27F591B200FDADFA /* Build configuration list for PBXNativeTarget "Builds" */ = {
			isa = XCConfigurationList;
			buildConfigurations = (
				D8FEAE2D27F591B200FDADFA /* Debug */,
				D8FEAE2E27F591B200FDADFA /* Release */,
			);
			defaultConfigurationIsVisible = 0;
			defaultConfigurationName = Release;
		};
		D8FEAE2F27F591B200FDADFA /* Build configuration list for PBXNativeTarget "BuildsTests" */ = {
			isa = XCConfigurationList;
			buildConfigurations = (
				D8FEAE3027F591B200FDADFA /* Debug */,
				D8FEAE3127F591B200FDADFA /* Release */,
			);
			defaultConfigurationIsVisible = 0;
			defaultConfigurationName = Release;
		};
		D8FEAE3227F591B200FDADFA /* Build configuration list for PBXNativeTarget "BuildsUITests" */ = {
			isa = XCConfigurationList;
			buildConfigurations = (
				D8FEAE3327F591B200FDADFA /* Debug */,
				D8FEAE3427F591B200FDADFA /* Release */,
			);
			defaultConfigurationIsVisible = 0;
			defaultConfigurationName = Release;
		};
/* End XCConfigurationList section */

/* Begin XCLocalSwiftPackageReference section */
		D826A57B2BA23228006D25FF /* XCLocalSwiftPackageReference "SelectableCollectionView" */ = {
			isa = XCLocalSwiftPackageReference;
			relativePath = SelectableCollectionView;
		};
		D8DDD5EF2B65F910003FAB23 /* XCLocalSwiftPackageReference "interact" */ = {
			isa = XCLocalSwiftPackageReference;
			relativePath = interact;
		};
		D8DDD5F22B65FB11003FAB23 /* XCLocalSwiftPackageReference "diligence" */ = {
			isa = XCLocalSwiftPackageReference;
			relativePath = diligence;
		};
/* End XCLocalSwiftPackageReference section */

/* Begin XCRemoteSwiftPackageReference section */
		D887C5D42BA0B46D00E46174 /* XCRemoteSwiftPackageReference "SwiftDraw" */ = {
			isa = XCRemoteSwiftPackageReference;
			repositoryURL = "https://github.com/swhitty/SwiftDraw.git";
			requirement = {
				kind = upToNextMajorVersion;
				minimumVersion = 0.16.2;
			};
		};
/* End XCRemoteSwiftPackageReference section */

/* Begin XCSwiftPackageProductDependency section */
		D826A57C2BA23228006D25FF /* SelectableCollectionView */ = {
			isa = XCSwiftPackageProductDependency;
			productName = SelectableCollectionView;
		};
		D887C5D52BA0B48000E46174 /* SwiftDraw */ = {
			isa = XCSwiftPackageProductDependency;
			package = D887C5D42BA0B46D00E46174 /* XCRemoteSwiftPackageReference "SwiftDraw" */;
			productName = SwiftDraw;
		};
		D8DDD5F02B65F910003FAB23 /* Interact */ = {
			isa = XCSwiftPackageProductDependency;
			productName = Interact;
		};
		D8DDD5F32B65FB11003FAB23 /* Diligence */ = {
			isa = XCSwiftPackageProductDependency;
			productName = Diligence;
		};
/* End XCSwiftPackageProductDependency section */
	};
	rootObject = D8FEAE0027F591AE00FDADFA /* Project object */;
}
